// !$*UTF8*$!
{
	archiveVersion = 1;
	classes = {
	};
	objectVersion = 55;
	objects = {

/* Begin PBXBuildFile section */
		072108CBDB4D41A12EDCE08A /* Pods_OPLogbook.framework in Frameworks */ = {isa = PBXBuildFile; fileRef = 609A49EC1B79FA9F1EFAF414 /* Pods_OPLogbook.framework */; };
		E15CDF7628827B360099D91C /* UIImage+UnifyIcons.swift in Sources */ = {isa = PBXBuildFile; fileRef = E15CDF7528827B360099D91C /* UIImage+UnifyIcons.swift */; };
		E15CDF7A288283100099D91C /* CharacterPageCell.swift in Sources */ = {isa = PBXBuildFile; fileRef = E15CDF78288283100099D91C /* CharacterPageCell.swift */; };
		E15CDF7B288283100099D91C /* CharacterPageCell.xib in Resources */ = {isa = PBXBuildFile; fileRef = E15CDF79288283100099D91C /* CharacterPageCell.xib */; };
		E15CDF7D288289F70099D91C /* UICollectionView+Carousel.swift in Sources */ = {isa = PBXBuildFile; fileRef = E15CDF7C288289F70099D91C /* UICollectionView+Carousel.swift */; };
		E15CDF7F288291010099D91C /* Double+Extension.swift in Sources */ = {isa = PBXBuildFile; fileRef = E15CDF7E288291010099D91C /* Double+Extension.swift */; };
		E15CDF82288295880099D91C /* OPButton.swift in Sources */ = {isa = PBXBuildFile; fileRef = E15CDF81288295880099D91C /* OPButton.swift */; };
		E15CDF84288295BC0099D91C /* OPButton+Extension.swift in Sources */ = {isa = PBXBuildFile; fileRef = E15CDF83288295BC0099D91C /* OPButton+Extension.swift */; };
		E15CDF8628829BFD0099D91C /* UIFont+Extension.swift in Sources */ = {isa = PBXBuildFile; fileRef = E15CDF8528829BFD0099D91C /* UIFont+Extension.swift */; };
		E15CDF882882AE650099D91C /* UIButton+BarButtonItem.swift in Sources */ = {isa = PBXBuildFile; fileRef = E15CDF872882AE650099D91C /* UIButton+BarButtonItem.swift */; };
		E1A95FA5288256A2009367EA /* AppDelegate.swift in Sources */ = {isa = PBXBuildFile; fileRef = E1A95FA4288256A2009367EA /* AppDelegate.swift */; };
		E1A95FA7288256A2009367EA /* SceneDelegate.swift in Sources */ = {isa = PBXBuildFile; fileRef = E1A95FA6288256A2009367EA /* SceneDelegate.swift */; };
		E1A95FAE288256A4009367EA /* Assets.xcassets in Resources */ = {isa = PBXBuildFile; fileRef = E1A95FAD288256A4009367EA /* Assets.xcassets */; };
		E1A95FB1288256A4009367EA /* LaunchScreen.storyboard in Resources */ = {isa = PBXBuildFile; fileRef = E1A95FAF288256A4009367EA /* LaunchScreen.storyboard */; };
		E1A95FC228825D2E009367EA /* ViewModelType.swift in Sources */ = {isa = PBXBuildFile; fileRef = E1A95FC128825D2E009367EA /* ViewModelType.swift */; };
		E1EAEEE428825E2A00C6425B /* CharacterListViewController.swift in Sources */ = {isa = PBXBuildFile; fileRef = E1EAEEE228825E2A00C6425B /* CharacterListViewController.swift */; };
		E1EAEEE528825E2A00C6425B /* CharacterListViewController.xib in Resources */ = {isa = PBXBuildFile; fileRef = E1EAEEE328825E2A00C6425B /* CharacterListViewController.xib */; };
		E1EAEEE82882620A00C6425B /* Characters.json in Resources */ = {isa = PBXBuildFile; fileRef = E1EAEEE72882620A00C6425B /* Characters.json */; };
		E1EAEEEC2882625C00C6425B /* Character.swift in Sources */ = {isa = PBXBuildFile; fileRef = E1EAEEEB2882625C00C6425B /* Character.swift */; };
		E1EAEEF02882642800C6425B /* CharacterListViewModel.swift in Sources */ = {isa = PBXBuildFile; fileRef = E1EAEEEF2882642800C6425B /* CharacterListViewModel.swift */; };
		E1EAEEF32882648600C6425B /* CharacterUseCase.swift in Sources */ = {isa = PBXBuildFile; fileRef = E1EAEEF22882648600C6425B /* CharacterUseCase.swift */; };
		E1EAEEF62882656F00C6425B /* NetworkError.swift in Sources */ = {isa = PBXBuildFile; fileRef = E1EAEEF52882656F00C6425B /* NetworkError.swift */; };
		E1EAEEF82882662900C6425B /* JSONDecoder+Extension.swift in Sources */ = {isa = PBXBuildFile; fileRef = E1EAEEF72882662900C6425B /* JSONDecoder+Extension.swift */; };
		E1EAEEFD28826E1F00C6425B /* CharacterGridCell.swift in Sources */ = {isa = PBXBuildFile; fileRef = E1EAEEFB28826E1F00C6425B /* CharacterGridCell.swift */; };
		E1EAEEFE28826E1F00C6425B /* CharacterGridCell.xib in Resources */ = {isa = PBXBuildFile; fileRef = E1EAEEFC28826E1F00C6425B /* CharacterGridCell.xib */; };
		E1EAEF02288275EC00C6425B /* UnifyIcon.swift in Sources */ = {isa = PBXBuildFile; fileRef = E1EAEF01288275EC00C6425B /* UnifyIcon.swift */; };
		E1EAEF05288276C700C6425B /* UIColor+UnifyColors.swift in Sources */ = {isa = PBXBuildFile; fileRef = E1EAEF04288276C700C6425B /* UIColor+UnifyColors.swift */; };
		E1EAEF082882788800C6425B /* UIColor+Extension.swift in Sources */ = {isa = PBXBuildFile; fileRef = E1EAEF072882788800C6425B /* UIColor+Extension.swift */; };
/* End PBXBuildFile section */

/* Begin PBXFileReference section */
		28E06E3158F40D8B33D94B06 /* Pods-OPLogbook.debug.xcconfig */ = {isa = PBXFileReference; includeInIndex = 1; lastKnownFileType = text.xcconfig; name = "Pods-OPLogbook.debug.xcconfig"; path = "Target Support Files/Pods-OPLogbook/Pods-OPLogbook.debug.xcconfig"; sourceTree = "<group>"; };
		609A49EC1B79FA9F1EFAF414 /* Pods_OPLogbook.framework */ = {isa = PBXFileReference; explicitFileType = wrapper.framework; includeInIndex = 0; path = Pods_OPLogbook.framework; sourceTree = BUILT_PRODUCTS_DIR; };
		86FC4CAE9171AECD776A55C0 /* Pods-OPLogbook.release.xcconfig */ = {isa = PBXFileReference; includeInIndex = 1; lastKnownFileType = text.xcconfig; name = "Pods-OPLogbook.release.xcconfig"; path = "Target Support Files/Pods-OPLogbook/Pods-OPLogbook.release.xcconfig"; sourceTree = "<group>"; };
		E15CDF7528827B360099D91C /* UIImage+UnifyIcons.swift */ = {isa = PBXFileReference; lastKnownFileType = sourcecode.swift; path = "UIImage+UnifyIcons.swift"; sourceTree = "<group>"; };
		E15CDF78288283100099D91C /* CharacterPageCell.swift */ = {isa = PBXFileReference; lastKnownFileType = sourcecode.swift; path = CharacterPageCell.swift; sourceTree = "<group>"; };
		E15CDF79288283100099D91C /* CharacterPageCell.xib */ = {isa = PBXFileReference; lastKnownFileType = file.xib; path = CharacterPageCell.xib; sourceTree = "<group>"; };
		E15CDF7C288289F70099D91C /* UICollectionView+Carousel.swift */ = {isa = PBXFileReference; lastKnownFileType = sourcecode.swift; path = "UICollectionView+Carousel.swift"; sourceTree = "<group>"; };
		E15CDF7E288291010099D91C /* Double+Extension.swift */ = {isa = PBXFileReference; lastKnownFileType = sourcecode.swift; path = "Double+Extension.swift"; sourceTree = "<group>"; };
		E15CDF81288295880099D91C /* OPButton.swift */ = {isa = PBXFileReference; lastKnownFileType = sourcecode.swift; path = OPButton.swift; sourceTree = "<group>"; };
		E15CDF83288295BC0099D91C /* OPButton+Extension.swift */ = {isa = PBXFileReference; lastKnownFileType = sourcecode.swift; path = "OPButton+Extension.swift"; sourceTree = "<group>"; };
		E15CDF8528829BFD0099D91C /* UIFont+Extension.swift */ = {isa = PBXFileReference; lastKnownFileType = sourcecode.swift; path = "UIFont+Extension.swift"; sourceTree = "<group>"; };
		E15CDF872882AE650099D91C /* UIButton+BarButtonItem.swift */ = {isa = PBXFileReference; lastKnownFileType = sourcecode.swift; path = "UIButton+BarButtonItem.swift"; sourceTree = "<group>"; };
		E1A95FA1288256A2009367EA /* OPLogbook.app */ = {isa = PBXFileReference; explicitFileType = wrapper.application; includeInIndex = 0; path = OPLogbook.app; sourceTree = BUILT_PRODUCTS_DIR; };
		E1A95FA4288256A2009367EA /* AppDelegate.swift */ = {isa = PBXFileReference; lastKnownFileType = sourcecode.swift; path = AppDelegate.swift; sourceTree = "<group>"; };
		E1A95FA6288256A2009367EA /* SceneDelegate.swift */ = {isa = PBXFileReference; lastKnownFileType = sourcecode.swift; path = SceneDelegate.swift; sourceTree = "<group>"; };
		E1A95FAD288256A4009367EA /* Assets.xcassets */ = {isa = PBXFileReference; lastKnownFileType = folder.assetcatalog; path = Assets.xcassets; sourceTree = "<group>"; };
		E1A95FB0288256A4009367EA /* Base */ = {isa = PBXFileReference; lastKnownFileType = file.storyboard; name = Base; path = Base.lproj/LaunchScreen.storyboard; sourceTree = "<group>"; };
		E1A95FB2288256A4009367EA /* Info.plist */ = {isa = PBXFileReference; lastKnownFileType = text.plist.xml; path = Info.plist; sourceTree = "<group>"; };
		E1A95FC128825D2E009367EA /* ViewModelType.swift */ = {isa = PBXFileReference; lastKnownFileType = sourcecode.swift; path = ViewModelType.swift; sourceTree = "<group>"; };
		E1EAEEE228825E2A00C6425B /* CharacterListViewController.swift */ = {isa = PBXFileReference; lastKnownFileType = sourcecode.swift; path = CharacterListViewController.swift; sourceTree = "<group>"; };
		E1EAEEE328825E2A00C6425B /* CharacterListViewController.xib */ = {isa = PBXFileReference; lastKnownFileType = file.xib; path = CharacterListViewController.xib; sourceTree = "<group>"; };
		E1EAEEE72882620A00C6425B /* Characters.json */ = {isa = PBXFileReference; fileEncoding = 4; lastKnownFileType = text.json; path = Characters.json; sourceTree = "<group>"; };
		E1EAEEEB2882625C00C6425B /* Character.swift */ = {isa = PBXFileReference; lastKnownFileType = sourcecode.swift; path = Character.swift; sourceTree = "<group>"; };
		E1EAEEEF2882642800C6425B /* CharacterListViewModel.swift */ = {isa = PBXFileReference; lastKnownFileType = sourcecode.swift; path = CharacterListViewModel.swift; sourceTree = "<group>"; };
		E1EAEEF22882648600C6425B /* CharacterUseCase.swift */ = {isa = PBXFileReference; lastKnownFileType = sourcecode.swift; path = CharacterUseCase.swift; sourceTree = "<group>"; };
		E1EAEEF52882656F00C6425B /* NetworkError.swift */ = {isa = PBXFileReference; lastKnownFileType = sourcecode.swift; path = NetworkError.swift; sourceTree = "<group>"; };
		E1EAEEF72882662900C6425B /* JSONDecoder+Extension.swift */ = {isa = PBXFileReference; lastKnownFileType = sourcecode.swift; path = "JSONDecoder+Extension.swift"; sourceTree = "<group>"; };
		E1EAEEFB28826E1F00C6425B /* CharacterGridCell.swift */ = {isa = PBXFileReference; lastKnownFileType = sourcecode.swift; path = CharacterGridCell.swift; sourceTree = "<group>"; };
		E1EAEEFC28826E1F00C6425B /* CharacterGridCell.xib */ = {isa = PBXFileReference; lastKnownFileType = file.xib; path = CharacterGridCell.xib; sourceTree = "<group>"; };
		E1EAEF01288275EC00C6425B /* UnifyIcon.swift */ = {isa = PBXFileReference; lastKnownFileType = sourcecode.swift; path = UnifyIcon.swift; sourceTree = "<group>"; };
		E1EAEF04288276C700C6425B /* UIColor+UnifyColors.swift */ = {isa = PBXFileReference; lastKnownFileType = sourcecode.swift; path = "UIColor+UnifyColors.swift"; sourceTree = "<group>"; };
		E1EAEF072882788800C6425B /* UIColor+Extension.swift */ = {isa = PBXFileReference; lastKnownFileType = sourcecode.swift; path = "UIColor+Extension.swift"; sourceTree = "<group>"; };
/* End PBXFileReference section */

/* Begin PBXFrameworksBuildPhase section */
		E1A95F9E288256A2009367EA /* Frameworks */ = {
			isa = PBXFrameworksBuildPhase;
			buildActionMask = 2147483647;
			files = (
				072108CBDB4D41A12EDCE08A /* Pods_OPLogbook.framework in Frameworks */,
			);
			runOnlyForDeploymentPostprocessing = 0;
		};
/* End PBXFrameworksBuildPhase section */

/* Begin PBXGroup section */
		364D862B8F801F4E07631B12 /* Frameworks */ = {
			isa = PBXGroup;
			children = (
				609A49EC1B79FA9F1EFAF414 /* Pods_OPLogbook.framework */,
			);
			name = Frameworks;
			sourceTree = "<group>";
		};
		A723BADD4AF5B46DAC06A272 /* Pods */ = {
			isa = PBXGroup;
			children = (
				28E06E3158F40D8B33D94B06 /* Pods-OPLogbook.debug.xcconfig */,
				86FC4CAE9171AECD776A55C0 /* Pods-OPLogbook.release.xcconfig */,
			);
			path = Pods;
			sourceTree = "<group>";
		};
		E15CDF77288282FD0099D91C /* PageCell */ = {
			isa = PBXGroup;
			children = (
				E15CDF78288283100099D91C /* CharacterPageCell.swift */,
				E15CDF79288283100099D91C /* CharacterPageCell.xib */,
			);
			path = PageCell;
			sourceTree = "<group>";
		};
		E15CDF80288295530099D91C /* OPButton */ = {
			isa = PBXGroup;
			children = (
				E15CDF81288295880099D91C /* OPButton.swift */,
				E15CDF83288295BC0099D91C /* OPButton+Extension.swift */,
			);
			path = OPButton;
			sourceTree = "<group>";
		};
		E1A95F98288256A2009367EA = {
			isa = PBXGroup;
			children = (
				E1A95FA3288256A2009367EA /* OPLogbook */,
				E1A95FA2288256A2009367EA /* Products */,
				A723BADD4AF5B46DAC06A272 /* Pods */,
				364D862B8F801F4E07631B12 /* Frameworks */,
			);
			sourceTree = "<group>";
		};
		E1A95FA2288256A2009367EA /* Products */ = {
			isa = PBXGroup;
			children = (
				E1A95FA1288256A2009367EA /* OPLogbook.app */,
			);
			name = Products;
			sourceTree = "<group>";
		};
		E1A95FA3288256A2009367EA /* OPLogbook */ = {
			isa = PBXGroup;
			children = (
				E1EAEEFF288275D400C6425B /* Shared */,
				E1A95FC328825D64009367EA /* Resources */,
				E1EAEEF42882656400C6425B /* Networking */,
				E1A95FBE28825CB8009367EA /* Core */,
				E1A95FBF28825CC0009367EA /* Character */,
				E1A95FA4288256A2009367EA /* AppDelegate.swift */,
				E1A95FA6288256A2009367EA /* SceneDelegate.swift */,
				E1A95FB2288256A4009367EA /* Info.plist */,
			);
			path = OPLogbook;
			sourceTree = "<group>";
		};
		E1A95FBE28825CB8009367EA /* Core */ = {
			isa = PBXGroup;
			children = (
				E1EAEEED288263E000C6425B /* Extensions */,
				E1A95FC028825D1F009367EA /* ViewModelHelpers */,
			);
			path = Core;
			sourceTree = "<group>";
		};
		E1A95FBF28825CC0009367EA /* Character */ = {
			isa = PBXGroup;
			children = (
				E1EAEEE92882623500C6425B /* Domains */,
				E1EAEEE628825FDB00C6425B /* Resources */,
				E1A95FC928825DCE009367EA /* Scenes */,
			);
			path = Character;
			sourceTree = "<group>";
		};
		E1A95FC028825D1F009367EA /* ViewModelHelpers */ = {
			isa = PBXGroup;
			children = (
				E1A95FC128825D2E009367EA /* ViewModelType.swift */,
			);
			path = ViewModelHelpers;
			sourceTree = "<group>";
		};
		E1A95FC328825D64009367EA /* Resources */ = {
			isa = PBXGroup;
			children = (
				E1A95FAD288256A4009367EA /* Assets.xcassets */,
				E1A95FAF288256A4009367EA /* LaunchScreen.storyboard */,
			);
			path = Resources;
			sourceTree = "<group>";
		};
		E1A95FC428825D8B009367EA /* CharacterList */ = {
			isa = PBXGroup;
			children = (
				E1EAEEF928826DF600C6425B /* View */,
				E1EAEEEE2882641900C6425B /* ViewModel */,
				E1A95FCA28825DE7009367EA /* ViewController */,
			);
			path = CharacterList;
			sourceTree = "<group>";
		};
		E1A95FC928825DCE009367EA /* Scenes */ = {
			isa = PBXGroup;
			children = (
				E1A95FC428825D8B009367EA /* CharacterList */,
			);
			path = Scenes;
			sourceTree = "<group>";
		};
		E1A95FCA28825DE7009367EA /* ViewController */ = {
			isa = PBXGroup;
			children = (
				E1EAEEE228825E2A00C6425B /* CharacterListViewController.swift */,
				E1EAEEE328825E2A00C6425B /* CharacterListViewController.xib */,
			);
			path = ViewController;
			sourceTree = "<group>";
		};
		E1EAEEE628825FDB00C6425B /* Resources */ = {
			isa = PBXGroup;
			children = (
				E1EAEEE72882620A00C6425B /* Characters.json */,
			);
			path = Resources;
			sourceTree = "<group>";
		};
		E1EAEEE92882623500C6425B /* Domains */ = {
			isa = PBXGroup;
			children = (
				E1EAEEEA2882624D00C6425B /* Models */,
				E1EAEEF12882647000C6425B /* UseCases */,
			);
			path = Domains;
			sourceTree = "<group>";
		};
		E1EAEEEA2882624D00C6425B /* Models */ = {
			isa = PBXGroup;
			children = (
				E1EAEEEB2882625C00C6425B /* Character.swift */,
			);
			path = Models;
			sourceTree = "<group>";
		};
		E1EAEEED288263E000C6425B /* Extensions */ = {
			isa = PBXGroup;
			children = (
				E1EAEF072882788800C6425B /* UIColor+Extension.swift */,
				E1EAEEF72882662900C6425B /* JSONDecoder+Extension.swift */,
				E15CDF7E288291010099D91C /* Double+Extension.swift */,
				E15CDF8528829BFD0099D91C /* UIFont+Extension.swift */,
				E15CDF872882AE650099D91C /* UIButton+BarButtonItem.swift */,
			);
			path = Extensions;
			sourceTree = "<group>";
		};
		E1EAEEEE2882641900C6425B /* ViewModel */ = {
			isa = PBXGroup;
			children = (
				E1EAEEEF2882642800C6425B /* CharacterListViewModel.swift */,
			);
			path = ViewModel;
			sourceTree = "<group>";
		};
		E1EAEEF12882647000C6425B /* UseCases */ = {
			isa = PBXGroup;
			children = (
				E1EAEEF22882648600C6425B /* CharacterUseCase.swift */,
			);
			path = UseCases;
			sourceTree = "<group>";
		};
		E1EAEEF42882656400C6425B /* Networking */ = {
			isa = PBXGroup;
			children = (
				E1EAEEF52882656F00C6425B /* NetworkError.swift */,
			);
			path = Networking;
			sourceTree = "<group>";
		};
		E1EAEEF928826DF600C6425B /* View */ = {
			isa = PBXGroup;
			children = (
				E15CDF77288282FD0099D91C /* PageCell */,
				E1EAEEFA28826DFC00C6425B /* GridCell */,
			);
			path = View;
			sourceTree = "<group>";
		};
		E1EAEEFA28826DFC00C6425B /* GridCell */ = {
			isa = PBXGroup;
			children = (
				E1EAEEFB28826E1F00C6425B /* CharacterGridCell.swift */,
				E1EAEEFC28826E1F00C6425B /* CharacterGridCell.xib */,
			);
			path = GridCell;
			sourceTree = "<group>";
		};
		E1EAEEFF288275D400C6425B /* Shared */ = {
			isa = PBXGroup;
			children = (
				E15CDF80288295530099D91C /* OPButton */,
				E1EAEF062882787800C6425B /* Extensions */,
				E1EAEF03288276B600C6425B /* UnifyColor */,
				E1EAEF00288275DC00C6425B /* UnifyIcon */,
			);
			path = Shared;
			sourceTree = "<group>";
		};
		E1EAEF00288275DC00C6425B /* UnifyIcon */ = {
			isa = PBXGroup;
			children = (
				E1EAEF01288275EC00C6425B /* UnifyIcon.swift */,
				E15CDF7528827B360099D91C /* UIImage+UnifyIcons.swift */,
			);
			path = UnifyIcon;
			sourceTree = "<group>";
		};
		E1EAEF03288276B600C6425B /* UnifyColor */ = {
			isa = PBXGroup;
			children = (
				E1EAEF04288276C700C6425B /* UIColor+UnifyColors.swift */,
			);
			path = UnifyColor;
			sourceTree = "<group>";
		};
		E1EAEF062882787800C6425B /* Extensions */ = {
			isa = PBXGroup;
			children = (
				E15CDF7C288289F70099D91C /* UICollectionView+Carousel.swift */,
			);
			path = Extensions;
			sourceTree = "<group>";
		};
/* End PBXGroup section */

/* Begin PBXNativeTarget section */
		E1A95FA0288256A2009367EA /* OPLogbook */ = {
			isa = PBXNativeTarget;
			buildConfigurationList = E1A95FB5288256A4009367EA /* Build configuration list for PBXNativeTarget "OPLogbook" */;
			buildPhases = (
				22E1E17A0F480114F6F0FB4C /* [CP] Check Pods Manifest.lock */,
				E1A95F9D288256A2009367EA /* Sources */,
				E1A95F9E288256A2009367EA /* Frameworks */,
				E1A95F9F288256A2009367EA /* Resources */,
				A637695CEF2ED0A7045E105D /* [CP] Embed Pods Frameworks */,
			);
			buildRules = (
			);
			dependencies = (
			);
			name = OPLogbook;
			productName = OPLogbook;
			productReference = E1A95FA1288256A2009367EA /* OPLogbook.app */;
			productType = "com.apple.product-type.application";
		};
/* End PBXNativeTarget section */

/* Begin PBXProject section */
		E1A95F99288256A2009367EA /* Project object */ = {
			isa = PBXProject;
			attributes = {
				BuildIndependentTargetsInParallel = 1;
				LastSwiftUpdateCheck = 1320;
				LastUpgradeCheck = 1320;
				TargetAttributes = {
					E1A95FA0288256A2009367EA = {
						CreatedOnToolsVersion = 13.2.1;
					};
				};
			};
			buildConfigurationList = E1A95F9C288256A2009367EA /* Build configuration list for PBXProject "OPLogbook" */;
			compatibilityVersion = "Xcode 13.0";
			developmentRegion = en;
			hasScannedForEncodings = 0;
			knownRegions = (
				en,
				Base,
			);
			mainGroup = E1A95F98288256A2009367EA;
			productRefGroup = E1A95FA2288256A2009367EA /* Products */;
			projectDirPath = "";
			projectRoot = "";
			targets = (
				E1A95FA0288256A2009367EA /* OPLogbook */,
			);
		};
/* End PBXProject section */

/* Begin PBXResourcesBuildPhase section */
		E1A95F9F288256A2009367EA /* Resources */ = {
			isa = PBXResourcesBuildPhase;
			buildActionMask = 2147483647;
			files = (
				E15CDF7B288283100099D91C /* CharacterPageCell.xib in Resources */,
				E1A95FB1288256A4009367EA /* LaunchScreen.storyboard in Resources */,
				E1A95FAE288256A4009367EA /* Assets.xcassets in Resources */,
				E1EAEEE528825E2A00C6425B /* CharacterListViewController.xib in Resources */,
				E1EAEEFE28826E1F00C6425B /* CharacterGridCell.xib in Resources */,
				E1EAEEE82882620A00C6425B /* Characters.json in Resources */,
			);
			runOnlyForDeploymentPostprocessing = 0;
		};
/* End PBXResourcesBuildPhase section */

/* Begin PBXShellScriptBuildPhase section */
		22E1E17A0F480114F6F0FB4C /* [CP] Check Pods Manifest.lock */ = {
			isa = PBXShellScriptBuildPhase;
			buildActionMask = 2147483647;
			files = (
			);
			inputFileListPaths = (
			);
			inputPaths = (
				"${PODS_PODFILE_DIR_PATH}/Podfile.lock",
				"${PODS_ROOT}/Manifest.lock",
			);
			name = "[CP] Check Pods Manifest.lock";
			outputFileListPaths = (
			);
			outputPaths = (
				"$(DERIVED_FILE_DIR)/Pods-OPLogbook-checkManifestLockResult.txt",
			);
			runOnlyForDeploymentPostprocessing = 0;
			shellPath = /bin/sh;
			shellScript = "diff \"${PODS_PODFILE_DIR_PATH}/Podfile.lock\" \"${PODS_ROOT}/Manifest.lock\" > /dev/null\nif [ $? != 0 ] ; then\n    # print error to STDERR\n    echo \"error: The sandbox is not in sync with the Podfile.lock. Run 'pod install' or update your CocoaPods installation.\" >&2\n    exit 1\nfi\n# This output is used by Xcode 'outputs' to avoid re-running this script phase.\necho \"SUCCESS\" > \"${SCRIPT_OUTPUT_FILE_0}\"\n";
			showEnvVarsInLog = 0;
		};
		A637695CEF2ED0A7045E105D /* [CP] Embed Pods Frameworks */ = {
			isa = PBXShellScriptBuildPhase;
			buildActionMask = 2147483647;
			files = (
			);
			inputFileListPaths = (
				"${PODS_ROOT}/Target Support Files/Pods-OPLogbook/Pods-OPLogbook-frameworks-${CONFIGURATION}-input-files.xcfilelist",
			);
			name = "[CP] Embed Pods Frameworks";
			outputFileListPaths = (
				"${PODS_ROOT}/Target Support Files/Pods-OPLogbook/Pods-OPLogbook-frameworks-${CONFIGURATION}-output-files.xcfilelist",
			);
			runOnlyForDeploymentPostprocessing = 0;
			shellPath = /bin/sh;
			shellScript = "\"${PODS_ROOT}/Target Support Files/Pods-OPLogbook/Pods-OPLogbook-frameworks.sh\"\n";
			showEnvVarsInLog = 0;
		};
/* End PBXShellScriptBuildPhase section */

/* Begin PBXSourcesBuildPhase section */
		E1A95F9D288256A2009367EA /* Sources */ = {
			isa = PBXSourcesBuildPhase;
			buildActionMask = 2147483647;
			files = (
				E1EAEEE428825E2A00C6425B /* CharacterListViewController.swift in Sources */,
				E1EAEEF62882656F00C6425B /* NetworkError.swift in Sources */,
				E15CDF7628827B360099D91C /* UIImage+UnifyIcons.swift in Sources */,
				E1A95FA5288256A2009367EA /* AppDelegate.swift in Sources */,
				E1EAEF082882788800C6425B /* UIColor+Extension.swift in Sources */,
				E15CDF7F288291010099D91C /* Double+Extension.swift in Sources */,
				E1EAEEEC2882625C00C6425B /* Character.swift in Sources */,
				E15CDF7A288283100099D91C /* CharacterPageCell.swift in Sources */,
				E15CDF7D288289F70099D91C /* UICollectionView+Carousel.swift in Sources */,
				E1A95FA7288256A2009367EA /* SceneDelegate.swift in Sources */,
				E1EAEF05288276C700C6425B /* UIColor+UnifyColors.swift in Sources */,
				E15CDF84288295BC0099D91C /* OPButton+Extension.swift in Sources */,
				E1EAEEFD28826E1F00C6425B /* CharacterGridCell.swift in Sources */,
				E1EAEEF02882642800C6425B /* CharacterListViewModel.swift in Sources */,
				E1EAEEF32882648600C6425B /* CharacterUseCase.swift in Sources */,
				E15CDF82288295880099D91C /* OPButton.swift in Sources */,
				E1EAEEF82882662900C6425B /* JSONDecoder+Extension.swift in Sources */,
				E1EAEF02288275EC00C6425B /* UnifyIcon.swift in Sources */,
				E15CDF8628829BFD0099D91C /* UIFont+Extension.swift in Sources */,
				E1A95FC228825D2E009367EA /* ViewModelType.swift in Sources */,
				E15CDF882882AE650099D91C /* UIButton+BarButtonItem.swift in Sources */,
			);
			runOnlyForDeploymentPostprocessing = 0;
		};
/* End PBXSourcesBuildPhase section */

/* Begin PBXVariantGroup section */
		E1A95FAF288256A4009367EA /* LaunchScreen.storyboard */ = {
			isa = PBXVariantGroup;
			children = (
				E1A95FB0288256A4009367EA /* Base */,
			);
			name = LaunchScreen.storyboard;
			sourceTree = "<group>";
		};
/* End PBXVariantGroup section */

/* Begin XCBuildConfiguration section */
		E1A95FB3288256A4009367EA /* Debug */ = {
			isa = XCBuildConfiguration;
			buildSettings = {
				ALWAYS_SEARCH_USER_PATHS = NO;
				CLANG_ANALYZER_NONNULL = YES;
				CLANG_ANALYZER_NUMBER_OBJECT_CONVERSION = YES_AGGRESSIVE;
				CLANG_CXX_LANGUAGE_STANDARD = "gnu++17";
				CLANG_CXX_LIBRARY = "libc++";
				CLANG_ENABLE_MODULES = YES;
				CLANG_ENABLE_OBJC_ARC = YES;
				CLANG_ENABLE_OBJC_WEAK = YES;
				CLANG_WARN_BLOCK_CAPTURE_AUTORELEASING = YES;
				CLANG_WARN_BOOL_CONVERSION = YES;
				CLANG_WARN_COMMA = YES;
				CLANG_WARN_CONSTANT_CONVERSION = YES;
				CLANG_WARN_DEPRECATED_OBJC_IMPLEMENTATIONS = YES;
				CLANG_WARN_DIRECT_OBJC_ISA_USAGE = YES_ERROR;
				CLANG_WARN_DOCUMENTATION_COMMENTS = YES;
				CLANG_WARN_EMPTY_BODY = YES;
				CLANG_WARN_ENUM_CONVERSION = YES;
				CLANG_WARN_INFINITE_RECURSION = YES;
				CLANG_WARN_INT_CONVERSION = YES;
				CLANG_WARN_NON_LITERAL_NULL_CONVERSION = YES;
				CLANG_WARN_OBJC_IMPLICIT_RETAIN_SELF = YES;
				CLANG_WARN_OBJC_LITERAL_CONVERSION = YES;
				CLANG_WARN_OBJC_ROOT_CLASS = YES_ERROR;
				CLANG_WARN_QUOTED_INCLUDE_IN_FRAMEWORK_HEADER = YES;
				CLANG_WARN_RANGE_LOOP_ANALYSIS = YES;
				CLANG_WARN_STRICT_PROTOTYPES = YES;
				CLANG_WARN_SUSPICIOUS_MOVE = YES;
				CLANG_WARN_UNGUARDED_AVAILABILITY = YES_AGGRESSIVE;
				CLANG_WARN_UNREACHABLE_CODE = YES;
				CLANG_WARN__DUPLICATE_METHOD_MATCH = YES;
				COPY_PHASE_STRIP = NO;
				DEBUG_INFORMATION_FORMAT = dwarf;
				ENABLE_STRICT_OBJC_MSGSEND = YES;
				ENABLE_TESTABILITY = YES;
				GCC_C_LANGUAGE_STANDARD = gnu11;
				GCC_DYNAMIC_NO_PIC = NO;
				GCC_NO_COMMON_BLOCKS = YES;
				GCC_OPTIMIZATION_LEVEL = 0;
				GCC_PREPROCESSOR_DEFINITIONS = (
					"DEBUG=1",
					"$(inherited)",
				);
				GCC_WARN_64_TO_32_BIT_CONVERSION = YES;
				GCC_WARN_ABOUT_RETURN_TYPE = YES_ERROR;
				GCC_WARN_UNDECLARED_SELECTOR = YES;
				GCC_WARN_UNINITIALIZED_AUTOS = YES_AGGRESSIVE;
				GCC_WARN_UNUSED_FUNCTION = YES;
				GCC_WARN_UNUSED_VARIABLE = YES;
				IPHONEOS_DEPLOYMENT_TARGET = 15.2;
				MTL_ENABLE_DEBUG_INFO = INCLUDE_SOURCE;
				MTL_FAST_MATH = YES;
				ONLY_ACTIVE_ARCH = YES;
				SDKROOT = iphoneos;
				SWIFT_ACTIVE_COMPILATION_CONDITIONS = DEBUG;
				SWIFT_OPTIMIZATION_LEVEL = "-Onone";
			};
			name = Debug;
		};
		E1A95FB4288256A4009367EA /* Release */ = {
			isa = XCBuildConfiguration;
			buildSettings = {
				ALWAYS_SEARCH_USER_PATHS = NO;
				CLANG_ANALYZER_NONNULL = YES;
				CLANG_ANALYZER_NUMBER_OBJECT_CONVERSION = YES_AGGRESSIVE;
				CLANG_CXX_LANGUAGE_STANDARD = "gnu++17";
				CLANG_CXX_LIBRARY = "libc++";
				CLANG_ENABLE_MODULES = YES;
				CLANG_ENABLE_OBJC_ARC = YES;
				CLANG_ENABLE_OBJC_WEAK = YES;
				CLANG_WARN_BLOCK_CAPTURE_AUTORELEASING = YES;
				CLANG_WARN_BOOL_CONVERSION = YES;
				CLANG_WARN_COMMA = YES;
				CLANG_WARN_CONSTANT_CONVERSION = YES;
				CLANG_WARN_DEPRECATED_OBJC_IMPLEMENTATIONS = YES;
				CLANG_WARN_DIRECT_OBJC_ISA_USAGE = YES_ERROR;
				CLANG_WARN_DOCUMENTATION_COMMENTS = YES;
				CLANG_WARN_EMPTY_BODY = YES;
				CLANG_WARN_ENUM_CONVERSION = YES;
				CLANG_WARN_INFINITE_RECURSION = YES;
				CLANG_WARN_INT_CONVERSION = YES;
				CLANG_WARN_NON_LITERAL_NULL_CONVERSION = YES;
				CLANG_WARN_OBJC_IMPLICIT_RETAIN_SELF = YES;
				CLANG_WARN_OBJC_LITERAL_CONVERSION = YES;
				CLANG_WARN_OBJC_ROOT_CLASS = YES_ERROR;
				CLANG_WARN_QUOTED_INCLUDE_IN_FRAMEWORK_HEADER = YES;
				CLANG_WARN_RANGE_LOOP_ANALYSIS = YES;
				CLANG_WARN_STRICT_PROTOTYPES = YES;
				CLANG_WARN_SUSPICIOUS_MOVE = YES;
				CLANG_WARN_UNGUARDED_AVAILABILITY = YES_AGGRESSIVE;
				CLANG_WARN_UNREACHABLE_CODE = YES;
				CLANG_WARN__DUPLICATE_METHOD_MATCH = YES;
				COPY_PHASE_STRIP = NO;
				DEBUG_INFORMATION_FORMAT = "dwarf-with-dsym";
				ENABLE_NS_ASSERTIONS = NO;
				ENABLE_STRICT_OBJC_MSGSEND = YES;
				GCC_C_LANGUAGE_STANDARD = gnu11;
				GCC_NO_COMMON_BLOCKS = YES;
				GCC_WARN_64_TO_32_BIT_CONVERSION = YES;
				GCC_WARN_ABOUT_RETURN_TYPE = YES_ERROR;
				GCC_WARN_UNDECLARED_SELECTOR = YES;
				GCC_WARN_UNINITIALIZED_AUTOS = YES_AGGRESSIVE;
				GCC_WARN_UNUSED_FUNCTION = YES;
				GCC_WARN_UNUSED_VARIABLE = YES;
				IPHONEOS_DEPLOYMENT_TARGET = 15.2;
				MTL_ENABLE_DEBUG_INFO = NO;
				MTL_FAST_MATH = YES;
				SDKROOT = iphoneos;
				SWIFT_COMPILATION_MODE = wholemodule;
				SWIFT_OPTIMIZATION_LEVEL = "-O";
				VALIDATE_PRODUCT = YES;
			};
			name = Release;
		};
		E1A95FB6288256A4009367EA /* Debug */ = {
			isa = XCBuildConfiguration;
			baseConfigurationReference = 28E06E3158F40D8B33D94B06 /* Pods-OPLogbook.debug.xcconfig */;
			buildSettings = {
				ASSETCATALOG_COMPILER_APPICON_NAME = AppIcon;
				ASSETCATALOG_COMPILER_GLOBAL_ACCENT_COLOR_NAME = AccentColor;
				CODE_SIGN_STYLE = Automatic;
				CURRENT_PROJECT_VERSION = 1;
				DEVELOPMENT_TEAM = GBBFD52US3;
				GENERATE_INFOPLIST_FILE = YES;
				INFOPLIST_FILE = OPLogbook/Info.plist;
				INFOPLIST_KEY_UIApplicationSupportsIndirectInputEvents = YES;
				INFOPLIST_KEY_UILaunchStoryboardName = LaunchScreen;
				INFOPLIST_KEY_UISupportedInterfaceOrientations = UIInterfaceOrientationPortrait;
				INFOPLIST_KEY_UISupportedInterfaceOrientations_iPad = "UIInterfaceOrientationPortrait UIInterfaceOrientationPortraitUpsideDown UIInterfaceOrientationLandscapeLeft UIInterfaceOrientationLandscapeRight";
				INFOPLIST_KEY_UISupportedInterfaceOrientations_iPhone = "UIInterfaceOrientationPortrait UIInterfaceOrientationLandscapeLeft UIInterfaceOrientationLandscapeRight";
				IPHONEOS_DEPLOYMENT_TARGET = 13.0;
				LD_RUNPATH_SEARCH_PATHS = (
					"$(inherited)",
					"@executable_path/Frameworks",
				);
				MARKETING_VERSION = 1.0;
				PRODUCT_BUNDLE_IDENTIFIER = com.blackcurrant.OPLogbook;
				PRODUCT_NAME = "$(TARGET_NAME)";
				SWIFT_EMIT_LOC_STRINGS = YES;
				SWIFT_VERSION = 5.0;
				TARGETED_DEVICE_FAMILY = "1,2";
			};
			name = Debug;
		};
		E1A95FB7288256A4009367EA /* Release */ = {
			isa = XCBuildConfiguration;
			baseConfigurationReference = 86FC4CAE9171AECD776A55C0 /* Pods-OPLogbook.release.xcconfig */;
			buildSettings = {
				ASSETCATALOG_COMPILER_APPICON_NAME = AppIcon;
				ASSETCATALOG_COMPILER_GLOBAL_ACCENT_COLOR_NAME = AccentColor;
				CODE_SIGN_STYLE = Automatic;
				CURRENT_PROJECT_VERSION = 1;
				DEVELOPMENT_TEAM = GBBFD52US3;
				GENERATE_INFOPLIST_FILE = YES;
				INFOPLIST_FILE = OPLogbook/Info.plist;
				INFOPLIST_KEY_UIApplicationSupportsIndirectInputEvents = YES;
				INFOPLIST_KEY_UILaunchStoryboardName = LaunchScreen;
				INFOPLIST_KEY_UISupportedInterfaceOrientations = UIInterfaceOrientationPortrait;
				INFOPLIST_KEY_UISupportedInterfaceOrientations_iPad = "UIInterfaceOrientationPortrait UIInterfaceOrientationPortraitUpsideDown UIInterfaceOrientationLandscapeLeft UIInterfaceOrientationLandscapeRight";
				INFOPLIST_KEY_UISupportedInterfaceOrientations_iPhone = "UIInterfaceOrientationPortrait UIInterfaceOrientationLandscapeLeft UIInterfaceOrientationLandscapeRight";
				IPHONEOS_DEPLOYMENT_TARGET = 13.0;
				LD_RUNPATH_SEARCH_PATHS = (
					"$(inherited)",
					"@executable_path/Frameworks",
				);
				MARKETING_VERSION = 1.0;
				PRODUCT_BUNDLE_IDENTIFIER = com.blackcurrant.OPLogbook;
				PRODUCT_NAME = "$(TARGET_NAME)";
				SWIFT_EMIT_LOC_STRINGS = YES;
				SWIFT_VERSION = 5.0;
				TARGETED_DEVICE_FAMILY = "1,2";
			};
			name = Release;
		};
/* End XCBuildConfiguration section */

/* Begin XCConfigurationList section */
		E1A95F9C288256A2009367EA /* Build configuration list for PBXProject "OPLogbook" */ = {
			isa = XCConfigurationList;
			buildConfigurations = (
				E1A95FB3288256A4009367EA /* Debug */,
				E1A95FB4288256A4009367EA /* Release */,
			);
			defaultConfigurationIsVisible = 0;
			defaultConfigurationName = Release;
		};
		E1A95FB5288256A4009367EA /* Build configuration list for PBXNativeTarget "OPLogbook" */ = {
			isa = XCConfigurationList;
			buildConfigurations = (
				E1A95FB6288256A4009367EA /* Debug */,
				E1A95FB7288256A4009367EA /* Release */,
			);
			defaultConfigurationIsVisible = 0;
			defaultConfigurationName = Release;
		};
/* End XCConfigurationList section */
	};
	rootObject = E1A95F99288256A2009367EA /* Project object */;
}
