// !$*UTF8*$!
{
	archiveVersion = 1;
	classes = {
	};
	objectVersion = 55;
	objects = {

/* Begin PBXBuildFile section */
		072108CBDB4D41A12EDCE08A /* Pods_OPLogbook.framework in Frameworks */ = {isa = PBXBuildFile; fileRef = 609A49EC1B79FA9F1EFAF414 /* Pods_OPLogbook.framework */; };
		E133C80428870ECD005EC285 /* UIApplication+Extension.swift in Sources */ = {isa = PBXBuildFile; fileRef = E133C80328870ECD005EC285 /* UIApplication+Extension.swift */; };
		E133C80728870F1F005EC285 /* ListView.swift in Sources */ = {isa = PBXBuildFile; fileRef = E133C80628870F1F005EC285 /* ListView.swift */; };
		E133C80928870F9A005EC285 /* ListViewCell.swift in Sources */ = {isa = PBXBuildFile; fileRef = E133C80828870F9A005EC285 /* ListViewCell.swift */; };
		E15CDF7628827B360099D91C /* UIImage+UnifyIcons.swift in Sources */ = {isa = PBXBuildFile; fileRef = E15CDF7528827B360099D91C /* UIImage+UnifyIcons.swift */; };
		E15CDF7D288289F70099D91C /* UICollectionView+Carousel.swift in Sources */ = {isa = PBXBuildFile; fileRef = E15CDF7C288289F70099D91C /* UICollectionView+Carousel.swift */; };
		E15CDF7F288291010099D91C /* Double+Extension.swift in Sources */ = {isa = PBXBuildFile; fileRef = E15CDF7E288291010099D91C /* Double+Extension.swift */; };
		E15CDF82288295880099D91C /* OPButton.swift in Sources */ = {isa = PBXBuildFile; fileRef = E15CDF81288295880099D91C /* OPButton.swift */; };
		E15CDF84288295BC0099D91C /* OPButton+Extension.swift in Sources */ = {isa = PBXBuildFile; fileRef = E15CDF83288295BC0099D91C /* OPButton+Extension.swift */; };
		E15CDF8628829BFD0099D91C /* UIFont+Extension.swift in Sources */ = {isa = PBXBuildFile; fileRef = E15CDF8528829BFD0099D91C /* UIFont+Extension.swift */; };
		E15CDF882882AE650099D91C /* UIButton+BarButtonItem.swift in Sources */ = {isa = PBXBuildFile; fileRef = E15CDF872882AE650099D91C /* UIButton+BarButtonItem.swift */; };
		E170007D28845B0500E7C254 /* CharacterListViewController.xib in Resources */ = {isa = PBXBuildFile; fileRef = E170007C28845B0500E7C254 /* CharacterListViewController.xib */; };
		E170008128845C8A00E7C254 /* CharacterDetailViewController.swift in Sources */ = {isa = PBXBuildFile; fileRef = E170007F28845C8A00E7C254 /* CharacterDetailViewController.swift */; };
		E170008228845C8A00E7C254 /* CharacterDetailViewController.xib in Resources */ = {isa = PBXBuildFile; fileRef = E170008028845C8A00E7C254 /* CharacterDetailViewController.xib */; };
		E170008428845CAA00E7C254 /* CharacterDetailViewController+CollectionView.swift in Sources */ = {isa = PBXBuildFile; fileRef = E170008328845CAA00E7C254 /* CharacterDetailViewController+CollectionView.swift */; };
		E170008A2884759900E7C254 /* CharacterDetailNameCell.swift in Sources */ = {isa = PBXBuildFile; fileRef = E17000882884759900E7C254 /* CharacterDetailNameCell.swift */; };
		E170008B2884759900E7C254 /* CharacterDetailNameCell.xib in Resources */ = {isa = PBXBuildFile; fileRef = E17000892884759900E7C254 /* CharacterDetailNameCell.xib */; };
		E17000902884985800E7C254 /* Typography.swift in Sources */ = {isa = PBXBuildFile; fileRef = E170008F2884985800E7C254 /* Typography.swift */; };
		E17000922884993700E7C254 /* Typography+Constant.swift in Sources */ = {isa = PBXBuildFile; fileRef = E17000912884993700E7C254 /* Typography+Constant.swift */; };
		E17000942884A02100E7C254 /* Typography+Helper.swift in Sources */ = {isa = PBXBuildFile; fileRef = E17000932884A02100E7C254 /* Typography+Helper.swift */; };
		E17000962884A82800E7C254 /* CharacterDetailDescriptionCell.swift in Sources */ = {isa = PBXBuildFile; fileRef = E17000952884A82800E7C254 /* CharacterDetailDescriptionCell.swift */; };
		E170009A2884A97300E7C254 /* Typography+Size.swift in Sources */ = {isa = PBXBuildFile; fileRef = E17000992884A97300E7C254 /* Typography+Size.swift */; };
		E17000A22884C16700E7C254 /* CharacterDetailVStackTileCell.swift in Sources */ = {isa = PBXBuildFile; fileRef = E17000A02884C16700E7C254 /* CharacterDetailVStackTileCell.swift */; };
		E17000A32884C16700E7C254 /* CharacterDetailVStackTileCell.xib in Resources */ = {isa = PBXBuildFile; fileRef = E17000A12884C16700E7C254 /* CharacterDetailVStackTileCell.xib */; };
		E17000A52884C80B00E7C254 /* Collection+Extension.swift in Sources */ = {isa = PBXBuildFile; fileRef = E17000A42884C80B00E7C254 /* Collection+Extension.swift */; };
		E19AC5B92885C928001C19E9 /* CharacterDetailLabelCell.swift in Sources */ = {isa = PBXBuildFile; fileRef = E19AC5B72885C928001C19E9 /* CharacterDetailLabelCell.swift */; };
		E19AC5BE2885E00F001C19E9 /* CharacterDetailAttributeTileCell.swift in Sources */ = {isa = PBXBuildFile; fileRef = E19AC5BC2885E00F001C19E9 /* CharacterDetailAttributeTileCell.swift */; };
		E19AC5BF2885E00F001C19E9 /* CharacterDetailAttributeTileCell.xib in Resources */ = {isa = PBXBuildFile; fileRef = E19AC5BD2885E00F001C19E9 /* CharacterDetailAttributeTileCell.xib */; };
		E19AC5C22885E93F001C19E9 /* CharacterDetailAttributeSliderCell.swift in Sources */ = {isa = PBXBuildFile; fileRef = E19AC5C12885E93F001C19E9 /* CharacterDetailAttributeSliderCell.swift */; };
		E19AC5C62885EB6A001C19E9 /* CharacterDetailAttributeSliderItemCell.swift in Sources */ = {isa = PBXBuildFile; fileRef = E19AC5C42885EB6A001C19E9 /* CharacterDetailAttributeSliderItemCell.swift */; };
		E19AC5C72885EB6A001C19E9 /* CharacterDetailAttributeSliderItemCell.xib in Resources */ = {isa = PBXBuildFile; fileRef = E19AC5C52885EB6A001C19E9 /* CharacterDetailAttributeSliderItemCell.xib */; };
		E1A95FA5288256A2009367EA /* AppDelegate.swift in Sources */ = {isa = PBXBuildFile; fileRef = E1A95FA4288256A2009367EA /* AppDelegate.swift */; };
		E1A95FA7288256A2009367EA /* SceneDelegate.swift in Sources */ = {isa = PBXBuildFile; fileRef = E1A95FA6288256A2009367EA /* SceneDelegate.swift */; };
		E1A95FAE288256A4009367EA /* Assets.xcassets in Resources */ = {isa = PBXBuildFile; fileRef = E1A95FAD288256A4009367EA /* Assets.xcassets */; };
		E1A95FB1288256A4009367EA /* LaunchScreen.storyboard in Resources */ = {isa = PBXBuildFile; fileRef = E1A95FAF288256A4009367EA /* LaunchScreen.storyboard */; };
		E1A95FC228825D2E009367EA /* ViewModelType.swift in Sources */ = {isa = PBXBuildFile; fileRef = E1A95FC128825D2E009367EA /* ViewModelType.swift */; };
		E1C320922884428500311F8A /* CharacterListItemCell.swift in Sources */ = {isa = PBXBuildFile; fileRef = E1C320902884428500311F8A /* CharacterListItemCell.swift */; };
		E1C320932884428500311F8A /* CharacterListItemCell.xib in Resources */ = {isa = PBXBuildFile; fileRef = E1C320912884428500311F8A /* CharacterListItemCell.xib */; };
		E1DF10FD28832DE80024D31B /* CharacterDetailImageCell.swift in Sources */ = {isa = PBXBuildFile; fileRef = E1DF10FC28832DE80024D31B /* CharacterDetailImageCell.swift */; };
		E1DF1100288330BA0024D31B /* FailableDecodable.swift in Sources */ = {isa = PBXBuildFile; fileRef = E1DF10FF288330BA0024D31B /* FailableDecodable.swift */; };
		E1DF11022883391D0024D31B /* CharacterDetailComponent.swift in Sources */ = {isa = PBXBuildFile; fileRef = E1DF11012883391D0024D31B /* CharacterDetailComponent.swift */; };
		E1EAEEE428825E2A00C6425B /* CharacterListViewController.swift in Sources */ = {isa = PBXBuildFile; fileRef = E1EAEEE228825E2A00C6425B /* CharacterListViewController.swift */; };
		E1EAEEE82882620A00C6425B /* Characters.json in Resources */ = {isa = PBXBuildFile; fileRef = E1EAEEE72882620A00C6425B /* Characters.json */; };
		E1EAEEEC2882625C00C6425B /* Character.swift in Sources */ = {isa = PBXBuildFile; fileRef = E1EAEEEB2882625C00C6425B /* Character.swift */; };
		E1EAEEF02882642800C6425B /* CharacterListViewModel.swift in Sources */ = {isa = PBXBuildFile; fileRef = E1EAEEEF2882642800C6425B /* CharacterListViewModel.swift */; };
		E1EAEEF32882648600C6425B /* CharacterUseCase.swift in Sources */ = {isa = PBXBuildFile; fileRef = E1EAEEF22882648600C6425B /* CharacterUseCase.swift */; };
		E1EAEEF62882656F00C6425B /* NetworkError.swift in Sources */ = {isa = PBXBuildFile; fileRef = E1EAEEF52882656F00C6425B /* NetworkError.swift */; };
		E1EAEEF82882662900C6425B /* JSONDecoder+Extension.swift in Sources */ = {isa = PBXBuildFile; fileRef = E1EAEEF72882662900C6425B /* JSONDecoder+Extension.swift */; };
		E1EAEF02288275EC00C6425B /* UnifyIcon.swift in Sources */ = {isa = PBXBuildFile; fileRef = E1EAEF01288275EC00C6425B /* UnifyIcon.swift */; };
		E1EAEF05288276C700C6425B /* UIColor+UnifyColors.swift in Sources */ = {isa = PBXBuildFile; fileRef = E1EAEF04288276C700C6425B /* UIColor+UnifyColors.swift */; };
		E1EAEF082882788800C6425B /* UIColor+Extension.swift in Sources */ = {isa = PBXBuildFile; fileRef = E1EAEF072882788800C6425B /* UIColor+Extension.swift */; };
		E1FC27D42882B3C600F85279 /* OPImageView.swift in Sources */ = {isa = PBXBuildFile; fileRef = E1FC27D32882B3C600F85279 /* OPImageView.swift */; };
		E1FC27D62882B3FA00F85279 /* OPImageView+Extension.swift in Sources */ = {isa = PBXBuildFile; fileRef = E1FC27D52882B3FA00F85279 /* OPImageView+Extension.swift */; };
		E1FC27D82882B73C00F85279 /* UIView+Extension.swift in Sources */ = {isa = PBXBuildFile; fileRef = E1FC27D72882B73C00F85279 /* UIView+Extension.swift */; };
		E1FC27DB2882C26F00F85279 /* ShimmerView.swift in Sources */ = {isa = PBXBuildFile; fileRef = E1FC27DA2882C26F00F85279 /* ShimmerView.swift */; };
		E1FC27E42882E92100F85279 /* CharacterDetailViewModel.swift in Sources */ = {isa = PBXBuildFile; fileRef = E1FC27E32882E92100F85279 /* CharacterDetailViewModel.swift */; };
/* End PBXBuildFile section */

/* Begin PBXFileReference section */
		28E06E3158F40D8B33D94B06 /* Pods-OPLogbook.debug.xcconfig */ = {isa = PBXFileReference; includeInIndex = 1; lastKnownFileType = text.xcconfig; name = "Pods-OPLogbook.debug.xcconfig"; path = "Target Support Files/Pods-OPLogbook/Pods-OPLogbook.debug.xcconfig"; sourceTree = "<group>"; };
		609A49EC1B79FA9F1EFAF414 /* Pods_OPLogbook.framework */ = {isa = PBXFileReference; explicitFileType = wrapper.framework; includeInIndex = 0; path = Pods_OPLogbook.framework; sourceTree = BUILT_PRODUCTS_DIR; };
		86FC4CAE9171AECD776A55C0 /* Pods-OPLogbook.release.xcconfig */ = {isa = PBXFileReference; includeInIndex = 1; lastKnownFileType = text.xcconfig; name = "Pods-OPLogbook.release.xcconfig"; path = "Target Support Files/Pods-OPLogbook/Pods-OPLogbook.release.xcconfig"; sourceTree = "<group>"; };
		E133C80328870ECD005EC285 /* UIApplication+Extension.swift */ = {isa = PBXFileReference; lastKnownFileType = sourcecode.swift; path = "UIApplication+Extension.swift"; sourceTree = "<group>"; };
		E133C80628870F1F005EC285 /* ListView.swift */ = {isa = PBXFileReference; lastKnownFileType = sourcecode.swift; path = ListView.swift; sourceTree = "<group>"; };
		E133C80828870F9A005EC285 /* ListViewCell.swift */ = {isa = PBXFileReference; lastKnownFileType = sourcecode.swift; path = ListViewCell.swift; sourceTree = "<group>"; };
		E15CDF7528827B360099D91C /* UIImage+UnifyIcons.swift */ = {isa = PBXFileReference; lastKnownFileType = sourcecode.swift; path = "UIImage+UnifyIcons.swift"; sourceTree = "<group>"; };
		E15CDF7C288289F70099D91C /* UICollectionView+Carousel.swift */ = {isa = PBXFileReference; lastKnownFileType = sourcecode.swift; path = "UICollectionView+Carousel.swift"; sourceTree = "<group>"; };
		E15CDF7E288291010099D91C /* Double+Extension.swift */ = {isa = PBXFileReference; lastKnownFileType = sourcecode.swift; path = "Double+Extension.swift"; sourceTree = "<group>"; };
		E15CDF81288295880099D91C /* OPButton.swift */ = {isa = PBXFileReference; lastKnownFileType = sourcecode.swift; path = OPButton.swift; sourceTree = "<group>"; };
		E15CDF83288295BC0099D91C /* OPButton+Extension.swift */ = {isa = PBXFileReference; lastKnownFileType = sourcecode.swift; path = "OPButton+Extension.swift"; sourceTree = "<group>"; };
		E15CDF8528829BFD0099D91C /* UIFont+Extension.swift */ = {isa = PBXFileReference; lastKnownFileType = sourcecode.swift; path = "UIFont+Extension.swift"; sourceTree = "<group>"; };
		E15CDF872882AE650099D91C /* UIButton+BarButtonItem.swift */ = {isa = PBXFileReference; lastKnownFileType = sourcecode.swift; path = "UIButton+BarButtonItem.swift"; sourceTree = "<group>"; };
		E170007C28845B0500E7C254 /* CharacterListViewController.xib */ = {isa = PBXFileReference; lastKnownFileType = file.xib; path = CharacterListViewController.xib; sourceTree = "<group>"; };
		E170007F28845C8A00E7C254 /* CharacterDetailViewController.swift */ = {isa = PBXFileReference; lastKnownFileType = sourcecode.swift; path = CharacterDetailViewController.swift; sourceTree = "<group>"; };
		E170008028845C8A00E7C254 /* CharacterDetailViewController.xib */ = {isa = PBXFileReference; lastKnownFileType = file.xib; path = CharacterDetailViewController.xib; sourceTree = "<group>"; };
		E170008328845CAA00E7C254 /* CharacterDetailViewController+CollectionView.swift */ = {isa = PBXFileReference; lastKnownFileType = sourcecode.swift; path = "CharacterDetailViewController+CollectionView.swift"; sourceTree = "<group>"; };
		E17000882884759900E7C254 /* CharacterDetailNameCell.swift */ = {isa = PBXFileReference; lastKnownFileType = sourcecode.swift; path = CharacterDetailNameCell.swift; sourceTree = "<group>"; };
		E17000892884759900E7C254 /* CharacterDetailNameCell.xib */ = {isa = PBXFileReference; lastKnownFileType = file.xib; path = CharacterDetailNameCell.xib; sourceTree = "<group>"; };
		E170008F2884985800E7C254 /* Typography.swift */ = {isa = PBXFileReference; lastKnownFileType = sourcecode.swift; path = Typography.swift; sourceTree = "<group>"; };
		E17000912884993700E7C254 /* Typography+Constant.swift */ = {isa = PBXFileReference; lastKnownFileType = sourcecode.swift; path = "Typography+Constant.swift"; sourceTree = "<group>"; };
		E17000932884A02100E7C254 /* Typography+Helper.swift */ = {isa = PBXFileReference; lastKnownFileType = sourcecode.swift; path = "Typography+Helper.swift"; sourceTree = "<group>"; };
		E17000952884A82800E7C254 /* CharacterDetailDescriptionCell.swift */ = {isa = PBXFileReference; lastKnownFileType = sourcecode.swift; path = CharacterDetailDescriptionCell.swift; sourceTree = "<group>"; };
		E17000992884A97300E7C254 /* Typography+Size.swift */ = {isa = PBXFileReference; lastKnownFileType = sourcecode.swift; path = "Typography+Size.swift"; sourceTree = "<group>"; };
		E17000A02884C16700E7C254 /* CharacterDetailVStackTileCell.swift */ = {isa = PBXFileReference; lastKnownFileType = sourcecode.swift; path = CharacterDetailVStackTileCell.swift; sourceTree = "<group>"; };
		E17000A12884C16700E7C254 /* CharacterDetailVStackTileCell.xib */ = {isa = PBXFileReference; lastKnownFileType = file.xib; path = CharacterDetailVStackTileCell.xib; sourceTree = "<group>"; };
		E17000A42884C80B00E7C254 /* Collection+Extension.swift */ = {isa = PBXFileReference; lastKnownFileType = sourcecode.swift; path = "Collection+Extension.swift"; sourceTree = "<group>"; };
		E19AC5B72885C928001C19E9 /* CharacterDetailLabelCell.swift */ = {isa = PBXFileReference; lastKnownFileType = sourcecode.swift; path = CharacterDetailLabelCell.swift; sourceTree = "<group>"; };
		E19AC5BC2885E00F001C19E9 /* CharacterDetailAttributeTileCell.swift */ = {isa = PBXFileReference; lastKnownFileType = sourcecode.swift; path = CharacterDetailAttributeTileCell.swift; sourceTree = "<group>"; };
		E19AC5BD2885E00F001C19E9 /* CharacterDetailAttributeTileCell.xib */ = {isa = PBXFileReference; lastKnownFileType = file.xib; path = CharacterDetailAttributeTileCell.xib; sourceTree = "<group>"; };
		E19AC5C12885E93F001C19E9 /* CharacterDetailAttributeSliderCell.swift */ = {isa = PBXFileReference; lastKnownFileType = sourcecode.swift; path = CharacterDetailAttributeSliderCell.swift; sourceTree = "<group>"; };
		E19AC5C42885EB6A001C19E9 /* CharacterDetailAttributeSliderItemCell.swift */ = {isa = PBXFileReference; lastKnownFileType = sourcecode.swift; path = CharacterDetailAttributeSliderItemCell.swift; sourceTree = "<group>"; };
		E19AC5C52885EB6A001C19E9 /* CharacterDetailAttributeSliderItemCell.xib */ = {isa = PBXFileReference; lastKnownFileType = file.xib; path = CharacterDetailAttributeSliderItemCell.xib; sourceTree = "<group>"; };
		E1A95FA1288256A2009367EA /* OPLogbook.app */ = {isa = PBXFileReference; explicitFileType = wrapper.application; includeInIndex = 0; path = OPLogbook.app; sourceTree = BUILT_PRODUCTS_DIR; };
		E1A95FA4288256A2009367EA /* AppDelegate.swift */ = {isa = PBXFileReference; lastKnownFileType = sourcecode.swift; path = AppDelegate.swift; sourceTree = "<group>"; };
		E1A95FA6288256A2009367EA /* SceneDelegate.swift */ = {isa = PBXFileReference; lastKnownFileType = sourcecode.swift; path = SceneDelegate.swift; sourceTree = "<group>"; };
		E1A95FAD288256A4009367EA /* Assets.xcassets */ = {isa = PBXFileReference; lastKnownFileType = folder.assetcatalog; path = Assets.xcassets; sourceTree = "<group>"; };
		E1A95FB0288256A4009367EA /* Base */ = {isa = PBXFileReference; lastKnownFileType = file.storyboard; name = Base; path = Base.lproj/LaunchScreen.storyboard; sourceTree = "<group>"; };
		E1A95FB2288256A4009367EA /* Info.plist */ = {isa = PBXFileReference; lastKnownFileType = text.plist.xml; path = Info.plist; sourceTree = "<group>"; };
		E1A95FC128825D2E009367EA /* ViewModelType.swift */ = {isa = PBXFileReference; lastKnownFileType = sourcecode.swift; path = ViewModelType.swift; sourceTree = "<group>"; };
		E1C320902884428500311F8A /* CharacterListItemCell.swift */ = {isa = PBXFileReference; lastKnownFileType = sourcecode.swift; path = CharacterListItemCell.swift; sourceTree = "<group>"; };
		E1C320912884428500311F8A /* CharacterListItemCell.xib */ = {isa = PBXFileReference; lastKnownFileType = file.xib; path = CharacterListItemCell.xib; sourceTree = "<group>"; };
		E1DF10FC28832DE80024D31B /* CharacterDetailImageCell.swift */ = {isa = PBXFileReference; lastKnownFileType = sourcecode.swift; path = CharacterDetailImageCell.swift; sourceTree = "<group>"; };
		E1DF10FF288330BA0024D31B /* FailableDecodable.swift */ = {isa = PBXFileReference; lastKnownFileType = sourcecode.swift; path = FailableDecodable.swift; sourceTree = "<group>"; };
		E1DF11012883391D0024D31B /* CharacterDetailComponent.swift */ = {isa = PBXFileReference; lastKnownFileType = sourcecode.swift; path = CharacterDetailComponent.swift; sourceTree = "<group>"; };
		E1EAEEE228825E2A00C6425B /* CharacterListViewController.swift */ = {isa = PBXFileReference; lastKnownFileType = sourcecode.swift; path = CharacterListViewController.swift; sourceTree = "<group>"; };
		E1EAEEE72882620A00C6425B /* Characters.json */ = {isa = PBXFileReference; fileEncoding = 4; lastKnownFileType = text.json; path = Characters.json; sourceTree = "<group>"; };
		E1EAEEEB2882625C00C6425B /* Character.swift */ = {isa = PBXFileReference; lastKnownFileType = sourcecode.swift; path = Character.swift; sourceTree = "<group>"; };
		E1EAEEEF2882642800C6425B /* CharacterListViewModel.swift */ = {isa = PBXFileReference; lastKnownFileType = sourcecode.swift; path = CharacterListViewModel.swift; sourceTree = "<group>"; };
		E1EAEEF22882648600C6425B /* CharacterUseCase.swift */ = {isa = PBXFileReference; lastKnownFileType = sourcecode.swift; path = CharacterUseCase.swift; sourceTree = "<group>"; };
		E1EAEEF52882656F00C6425B /* NetworkError.swift */ = {isa = PBXFileReference; lastKnownFileType = sourcecode.swift; path = NetworkError.swift; sourceTree = "<group>"; };
		E1EAEEF72882662900C6425B /* JSONDecoder+Extension.swift */ = {isa = PBXFileReference; lastKnownFileType = sourcecode.swift; path = "JSONDecoder+Extension.swift"; sourceTree = "<group>"; };
		E1EAEF01288275EC00C6425B /* UnifyIcon.swift */ = {isa = PBXFileReference; lastKnownFileType = sourcecode.swift; path = UnifyIcon.swift; sourceTree = "<group>"; };
		E1EAEF04288276C700C6425B /* UIColor+UnifyColors.swift */ = {isa = PBXFileReference; lastKnownFileType = sourcecode.swift; path = "UIColor+UnifyColors.swift"; sourceTree = "<group>"; };
		E1EAEF072882788800C6425B /* UIColor+Extension.swift */ = {isa = PBXFileReference; lastKnownFileType = sourcecode.swift; path = "UIColor+Extension.swift"; sourceTree = "<group>"; };
		E1FC27D32882B3C600F85279 /* OPImageView.swift */ = {isa = PBXFileReference; lastKnownFileType = sourcecode.swift; path = OPImageView.swift; sourceTree = "<group>"; };
		E1FC27D52882B3FA00F85279 /* OPImageView+Extension.swift */ = {isa = PBXFileReference; lastKnownFileType = sourcecode.swift; path = "OPImageView+Extension.swift"; sourceTree = "<group>"; };
		E1FC27D72882B73C00F85279 /* UIView+Extension.swift */ = {isa = PBXFileReference; lastKnownFileType = sourcecode.swift; path = "UIView+Extension.swift"; sourceTree = "<group>"; };
		E1FC27DA2882C26F00F85279 /* ShimmerView.swift */ = {isa = PBXFileReference; lastKnownFileType = sourcecode.swift; path = ShimmerView.swift; sourceTree = "<group>"; };
		E1FC27E32882E92100F85279 /* CharacterDetailViewModel.swift */ = {isa = PBXFileReference; lastKnownFileType = sourcecode.swift; path = CharacterDetailViewModel.swift; sourceTree = "<group>"; };
/* End PBXFileReference section */

/* Begin PBXFrameworksBuildPhase section */
		E1A95F9E288256A2009367EA /* Frameworks */ = {
			isa = PBXFrameworksBuildPhase;
			buildActionMask = 2147483647;
			files = (
				072108CBDB4D41A12EDCE08A /* Pods_OPLogbook.framework in Frameworks */,
			);
			runOnlyForDeploymentPostprocessing = 0;
		};
/* End PBXFrameworksBuildPhase section */

/* Begin PBXGroup section */
		364D862B8F801F4E07631B12 /* Frameworks */ = {
			isa = PBXGroup;
			children = (
				609A49EC1B79FA9F1EFAF414 /* Pods_OPLogbook.framework */,
			);
			name = Frameworks;
			sourceTree = "<group>";
		};
		A723BADD4AF5B46DAC06A272 /* Pods */ = {
			isa = PBXGroup;
			children = (
				28E06E3158F40D8B33D94B06 /* Pods-OPLogbook.debug.xcconfig */,
				86FC4CAE9171AECD776A55C0 /* Pods-OPLogbook.release.xcconfig */,
			);
			path = Pods;
			sourceTree = "<group>";
		};
		E133C80528870EFE005EC285 /* ListView */ = {
			isa = PBXGroup;
			children = (
				E133C80628870F1F005EC285 /* ListView.swift */,
				E133C80828870F9A005EC285 /* ListViewCell.swift */,
			);
			path = ListView;
			sourceTree = "<group>";
		};
		E15CDF80288295530099D91C /* OPButton */ = {
			isa = PBXGroup;
			children = (
				E15CDF81288295880099D91C /* OPButton.swift */,
				E15CDF83288295BC0099D91C /* OPButton+Extension.swift */,
			);
			path = OPButton;
			sourceTree = "<group>";
		};
		E170007E28845C7700E7C254 /* ViewController */ = {
			isa = PBXGroup;
			children = (
				E170008028845C8A00E7C254 /* CharacterDetailViewController.xib */,
				E170007F28845C8A00E7C254 /* CharacterDetailViewController.swift */,
				E170008328845CAA00E7C254 /* CharacterDetailViewController+CollectionView.swift */,
			);
			path = ViewController;
			sourceTree = "<group>";
		};
		E1700085288471F600E7C254 /* NameCell */ = {
			isa = PBXGroup;
			children = (
				E17000882884759900E7C254 /* CharacterDetailNameCell.swift */,
				E17000892884759900E7C254 /* CharacterDetailNameCell.xib */,
			);
			path = NameCell;
			sourceTree = "<group>";
		};
		E170008C2884961700E7C254 /* DescriptionCell */ = {
			isa = PBXGroup;
			children = (
				E17000952884A82800E7C254 /* CharacterDetailDescriptionCell.swift */,
			);
			path = DescriptionCell;
			sourceTree = "<group>";
		};
		E170008E2884982200E7C254 /* Typography */ = {
			isa = PBXGroup;
			children = (
				E170008F2884985800E7C254 /* Typography.swift */,
				E17000912884993700E7C254 /* Typography+Constant.swift */,
				E17000932884A02100E7C254 /* Typography+Helper.swift */,
				E17000992884A97300E7C254 /* Typography+Size.swift */,
			);
			path = Typography;
			sourceTree = "<group>";
		};
		E170009B2884BCD700E7C254 /* VStackTileCell */ = {
			isa = PBXGroup;
			children = (
				E17000A02884C16700E7C254 /* CharacterDetailVStackTileCell.swift */,
				E17000A12884C16700E7C254 /* CharacterDetailVStackTileCell.xib */,
			);
			path = VStackTileCell;
			sourceTree = "<group>";
		};
		E19AC5B62885C911001C19E9 /* LabelCell */ = {
			isa = PBXGroup;
			children = (
				E19AC5B72885C928001C19E9 /* CharacterDetailLabelCell.swift */,
			);
			path = LabelCell;
			sourceTree = "<group>";
		};
		E19AC5BB2885DFE4001C19E9 /* AttributeTileCell */ = {
			isa = PBXGroup;
			children = (
				E19AC5BC2885E00F001C19E9 /* CharacterDetailAttributeTileCell.swift */,
				E19AC5BD2885E00F001C19E9 /* CharacterDetailAttributeTileCell.xib */,
			);
			path = AttributeTileCell;
			sourceTree = "<group>";
		};
		E19AC5C02885E916001C19E9 /* AttributeSliderCell */ = {
			isa = PBXGroup;
			children = (
				E19AC5C32885EB4D001C19E9 /* Item */,
				E19AC5C12885E93F001C19E9 /* CharacterDetailAttributeSliderCell.swift */,
			);
			path = AttributeSliderCell;
			sourceTree = "<group>";
		};
		E19AC5C32885EB4D001C19E9 /* Item */ = {
			isa = PBXGroup;
			children = (
				E19AC5C42885EB6A001C19E9 /* CharacterDetailAttributeSliderItemCell.swift */,
				E19AC5C52885EB6A001C19E9 /* CharacterDetailAttributeSliderItemCell.xib */,
			);
			path = Item;
			sourceTree = "<group>";
		};
		E1A95F98288256A2009367EA = {
			isa = PBXGroup;
			children = (
				E1A95FA3288256A2009367EA /* OPLogbook */,
				E1A95FA2288256A2009367EA /* Products */,
				A723BADD4AF5B46DAC06A272 /* Pods */,
				364D862B8F801F4E07631B12 /* Frameworks */,
			);
			sourceTree = "<group>";
		};
		E1A95FA2288256A2009367EA /* Products */ = {
			isa = PBXGroup;
			children = (
				E1A95FA1288256A2009367EA /* OPLogbook.app */,
			);
			name = Products;
			sourceTree = "<group>";
		};
		E1A95FA3288256A2009367EA /* OPLogbook */ = {
			isa = PBXGroup;
			children = (
				E1EAEEFF288275D400C6425B /* Shared */,
				E1A95FC328825D64009367EA /* Resources */,
				E1EAEEF42882656400C6425B /* Networking */,
				E1A95FBE28825CB8009367EA /* Core */,
				E1A95FBF28825CC0009367EA /* Character */,
				E1A95FA4288256A2009367EA /* AppDelegate.swift */,
				E1A95FA6288256A2009367EA /* SceneDelegate.swift */,
				E1A95FB2288256A4009367EA /* Info.plist */,
			);
			path = OPLogbook;
			sourceTree = "<group>";
		};
		E1A95FBE28825CB8009367EA /* Core */ = {
			isa = PBXGroup;
			children = (
				E1DF10FE288330AB0024D31B /* PropertyWrappers */,
				E1EAEEED288263E000C6425B /* Extensions */,
				E1A95FC028825D1F009367EA /* ViewModelHelpers */,
			);
			path = Core;
			sourceTree = "<group>";
		};
		E1A95FBF28825CC0009367EA /* Character */ = {
			isa = PBXGroup;
			children = (
				E1EAEEE92882623500C6425B /* Domains */,
				E1EAEEE628825FDB00C6425B /* Resources */,
				E1A95FC928825DCE009367EA /* Scenes */,
			);
			path = Character;
			sourceTree = "<group>";
		};
		E1A95FC028825D1F009367EA /* ViewModelHelpers */ = {
			isa = PBXGroup;
			children = (
				E1A95FC128825D2E009367EA /* ViewModelType.swift */,
			);
			path = ViewModelHelpers;
			sourceTree = "<group>";
		};
		E1A95FC328825D64009367EA /* Resources */ = {
			isa = PBXGroup;
			children = (
				E1A95FAD288256A4009367EA /* Assets.xcassets */,
				E1A95FAF288256A4009367EA /* LaunchScreen.storyboard */,
			);
			path = Resources;
			sourceTree = "<group>";
		};
		E1A95FC428825D8B009367EA /* CharacterList */ = {
			isa = PBXGroup;
			children = (
				E1EAEEF928826DF600C6425B /* View */,
				E1EAEEEE2882641900C6425B /* ViewModel */,
				E1A95FCA28825DE7009367EA /* ViewController */,
			);
			path = CharacterList;
			sourceTree = "<group>";
		};
		E1A95FC928825DCE009367EA /* Scenes */ = {
			isa = PBXGroup;
			children = (
				E1FC27DC2882E68E00F85279 /* CharacterDetail */,
				E1A95FC428825D8B009367EA /* CharacterList */,
			);
			path = Scenes;
			sourceTree = "<group>";
		};
		E1A95FCA28825DE7009367EA /* ViewController */ = {
			isa = PBXGroup;
			children = (
				E170007C28845B0500E7C254 /* CharacterListViewController.xib */,
				E1EAEEE228825E2A00C6425B /* CharacterListViewController.swift */,
			);
			path = ViewController;
			sourceTree = "<group>";
		};
		E1C3208F2884426100311F8A /* ItemCell */ = {
			isa = PBXGroup;
			children = (
				E1C320902884428500311F8A /* CharacterListItemCell.swift */,
				E1C320912884428500311F8A /* CharacterListItemCell.xib */,
			);
			path = ItemCell;
			sourceTree = "<group>";
		};
		E1DF10FA28832DAD0024D31B /* View */ = {
			isa = PBXGroup;
			children = (
				E19AC5C02885E916001C19E9 /* AttributeSliderCell */,
				E19AC5BB2885DFE4001C19E9 /* AttributeTileCell */,
				E19AC5B62885C911001C19E9 /* LabelCell */,
				E170009B2884BCD700E7C254 /* VStackTileCell */,
				E170008C2884961700E7C254 /* DescriptionCell */,
				E1700085288471F600E7C254 /* NameCell */,
				E1DF10FB28832DB10024D31B /* ImageCell */,
				E1DF11012883391D0024D31B /* CharacterDetailComponent.swift */,
			);
			path = View;
			sourceTree = "<group>";
		};
		E1DF10FB28832DB10024D31B /* ImageCell */ = {
			isa = PBXGroup;
			children = (
				E1DF10FC28832DE80024D31B /* CharacterDetailImageCell.swift */,
			);
			path = ImageCell;
			sourceTree = "<group>";
		};
		E1DF10FE288330AB0024D31B /* PropertyWrappers */ = {
			isa = PBXGroup;
			children = (
				E1DF10FF288330BA0024D31B /* FailableDecodable.swift */,
			);
			path = PropertyWrappers;
			sourceTree = "<group>";
		};
		E1EAEEE628825FDB00C6425B /* Resources */ = {
			isa = PBXGroup;
			children = (
				E1EAEEE72882620A00C6425B /* Characters.json */,
			);
			path = Resources;
			sourceTree = "<group>";
		};
		E1EAEEE92882623500C6425B /* Domains */ = {
			isa = PBXGroup;
			children = (
				E1EAEEEA2882624D00C6425B /* Models */,
				E1EAEEF12882647000C6425B /* UseCases */,
			);
			path = Domains;
			sourceTree = "<group>";
		};
		E1EAEEEA2882624D00C6425B /* Models */ = {
			isa = PBXGroup;
			children = (
				E1EAEEEB2882625C00C6425B /* Character.swift */,
			);
			path = Models;
			sourceTree = "<group>";
		};
		E1EAEEED288263E000C6425B /* Extensions */ = {
			isa = PBXGroup;
			children = (
				E1EAEF072882788800C6425B /* UIColor+Extension.swift */,
				E1EAEEF72882662900C6425B /* JSONDecoder+Extension.swift */,
				E15CDF7E288291010099D91C /* Double+Extension.swift */,
				E15CDF8528829BFD0099D91C /* UIFont+Extension.swift */,
				E15CDF872882AE650099D91C /* UIButton+BarButtonItem.swift */,
				E1FC27D72882B73C00F85279 /* UIView+Extension.swift */,
				E17000A42884C80B00E7C254 /* Collection+Extension.swift */,
				E133C80328870ECD005EC285 /* UIApplication+Extension.swift */,
			);
			path = Extensions;
			sourceTree = "<group>";
		};
		E1EAEEEE2882641900C6425B /* ViewModel */ = {
			isa = PBXGroup;
			children = (
				E1EAEEEF2882642800C6425B /* CharacterListViewModel.swift */,
			);
			path = ViewModel;
			sourceTree = "<group>";
		};
		E1EAEEF12882647000C6425B /* UseCases */ = {
			isa = PBXGroup;
			children = (
				E1EAEEF22882648600C6425B /* CharacterUseCase.swift */,
			);
			path = UseCases;
			sourceTree = "<group>";
		};
		E1EAEEF42882656400C6425B /* Networking */ = {
			isa = PBXGroup;
			children = (
				E1EAEEF52882656F00C6425B /* NetworkError.swift */,
			);
			path = Networking;
			sourceTree = "<group>";
		};
		E1EAEEF928826DF600C6425B /* View */ = {
			isa = PBXGroup;
			children = (
				E1C3208F2884426100311F8A /* ItemCell */,
			);
			path = View;
			sourceTree = "<group>";
		};
		E1EAEEFF288275D400C6425B /* Shared */ = {
			isa = PBXGroup;
			children = (
				E133C80528870EFE005EC285 /* ListView */,
				E170008E2884982200E7C254 /* Typography */,
				E1FC27D92882C25E00F85279 /* ShimmerView */,
				E1FC27D22882B3B700F85279 /* OPImageView */,
				E15CDF80288295530099D91C /* OPButton */,
				E1EAEF062882787800C6425B /* Extensions */,
				E1EAEF03288276B600C6425B /* UnifyColor */,
				E1EAEF00288275DC00C6425B /* UnifyIcon */,
			);
			path = Shared;
			sourceTree = "<group>";
		};
		E1EAEF00288275DC00C6425B /* UnifyIcon */ = {
			isa = PBXGroup;
			children = (
				E1EAEF01288275EC00C6425B /* UnifyIcon.swift */,
				E15CDF7528827B360099D91C /* UIImage+UnifyIcons.swift */,
			);
			path = UnifyIcon;
			sourceTree = "<group>";
		};
		E1EAEF03288276B600C6425B /* UnifyColor */ = {
			isa = PBXGroup;
			children = (
				E1EAEF04288276C700C6425B /* UIColor+UnifyColors.swift */,
			);
			path = UnifyColor;
			sourceTree = "<group>";
		};
		E1EAEF062882787800C6425B /* Extensions */ = {
			isa = PBXGroup;
			children = (
				E15CDF7C288289F70099D91C /* UICollectionView+Carousel.swift */,
			);
			path = Extensions;
			sourceTree = "<group>";
		};
		E1FC27D22882B3B700F85279 /* OPImageView */ = {
			isa = PBXGroup;
			children = (
				E1FC27D32882B3C600F85279 /* OPImageView.swift */,
				E1FC27D52882B3FA00F85279 /* OPImageView+Extension.swift */,
			);
			path = OPImageView;
			sourceTree = "<group>";
		};
		E1FC27D92882C25E00F85279 /* ShimmerView */ = {
			isa = PBXGroup;
			children = (
				E1FC27DA2882C26F00F85279 /* ShimmerView.swift */,
			);
			path = ShimmerView;
			sourceTree = "<group>";
		};
		E1FC27DC2882E68E00F85279 /* CharacterDetail */ = {
			isa = PBXGroup;
			children = (
				E1DF10FA28832DAD0024D31B /* View */,
				E1FC27E22882E91200F85279 /* ViewModel */,
				E170007E28845C7700E7C254 /* ViewController */,
			);
			path = CharacterDetail;
			sourceTree = "<group>";
		};
		E1FC27E22882E91200F85279 /* ViewModel */ = {
			isa = PBXGroup;
			children = (
				E1FC27E32882E92100F85279 /* CharacterDetailViewModel.swift */,
			);
			path = ViewModel;
			sourceTree = "<group>";
		};
/* End PBXGroup section */

/* Begin PBXNativeTarget section */
		E1A95FA0288256A2009367EA /* OPLogbook */ = {
			isa = PBXNativeTarget;
			buildConfigurationList = E1A95FB5288256A4009367EA /* Build configuration list for PBXNativeTarget "OPLogbook" */;
			buildPhases = (
				22E1E17A0F480114F6F0FB4C /* [CP] Check Pods Manifest.lock */,
				E1A95F9D288256A2009367EA /* Sources */,
				E1A95F9E288256A2009367EA /* Frameworks */,
				E1A95F9F288256A2009367EA /* Resources */,
				A637695CEF2ED0A7045E105D /* [CP] Embed Pods Frameworks */,
			);
			buildRules = (
			);
			dependencies = (
			);
			name = OPLogbook;
			productName = OPLogbook;
			productReference = E1A95FA1288256A2009367EA /* OPLogbook.app */;
			productType = "com.apple.product-type.application";
		};
/* End PBXNativeTarget section */

/* Begin PBXProject section */
		E1A95F99288256A2009367EA /* Project object */ = {
			isa = PBXProject;
			attributes = {
				BuildIndependentTargetsInParallel = 1;
				LastSwiftUpdateCheck = 1320;
				LastUpgradeCheck = 1320;
				TargetAttributes = {
					E1A95FA0288256A2009367EA = {
						CreatedOnToolsVersion = 13.2.1;
					};
				};
			};
			buildConfigurationList = E1A95F9C288256A2009367EA /* Build configuration list for PBXProject "OPLogbook" */;
			compatibilityVersion = "Xcode 13.0";
			developmentRegion = en;
			hasScannedForEncodings = 0;
			knownRegions = (
				en,
				Base,
			);
			mainGroup = E1A95F98288256A2009367EA;
			productRefGroup = E1A95FA2288256A2009367EA /* Products */;
			projectDirPath = "";
			projectRoot = "";
			targets = (
				E1A95FA0288256A2009367EA /* OPLogbook */,
			);
		};
/* End PBXProject section */

/* Begin PBXResourcesBuildPhase section */
		E1A95F9F288256A2009367EA /* Resources */ = {
			isa = PBXResourcesBuildPhase;
			buildActionMask = 2147483647;
			files = (
				E19AC5BF2885E00F001C19E9 /* CharacterDetailAttributeTileCell.xib in Resources */,
				E170007D28845B0500E7C254 /* CharacterListViewController.xib in Resources */,
				E1A95FB1288256A4009367EA /* LaunchScreen.storyboard in Resources */,
				E19AC5C72885EB6A001C19E9 /* CharacterDetailAttributeSliderItemCell.xib in Resources */,
				E1A95FAE288256A4009367EA /* Assets.xcassets in Resources */,
				E1EAEEE82882620A00C6425B /* Characters.json in Resources */,
				E17000A32884C16700E7C254 /* CharacterDetailVStackTileCell.xib in Resources */,
				E170008B2884759900E7C254 /* CharacterDetailNameCell.xib in Resources */,
				E1C320932884428500311F8A /* CharacterListItemCell.xib in Resources */,
				E170008228845C8A00E7C254 /* CharacterDetailViewController.xib in Resources */,
			);
			runOnlyForDeploymentPostprocessing = 0;
		};
/* End PBXResourcesBuildPhase section */

/* Begin PBXShellScriptBuildPhase section */
		22E1E17A0F480114F6F0FB4C /* [CP] Check Pods Manifest.lock */ = {
			isa = PBXShellScriptBuildPhase;
			buildActionMask = 2147483647;
			files = (
			);
			inputFileListPaths = (
			);
			inputPaths = (
				"${PODS_PODFILE_DIR_PATH}/Podfile.lock",
				"${PODS_ROOT}/Manifest.lock",
			);
			name = "[CP] Check Pods Manifest.lock";
			outputFileListPaths = (
			);
			outputPaths = (
				"$(DERIVED_FILE_DIR)/Pods-OPLogbook-checkManifestLockResult.txt",
			);
			runOnlyForDeploymentPostprocessing = 0;
			shellPath = /bin/sh;
			shellScript = "diff \"${PODS_PODFILE_DIR_PATH}/Podfile.lock\" \"${PODS_ROOT}/Manifest.lock\" > /dev/null\nif [ $? != 0 ] ; then\n    # print error to STDERR\n    echo \"error: The sandbox is not in sync with the Podfile.lock. Run 'pod install' or update your CocoaPods installation.\" >&2\n    exit 1\nfi\n# This output is used by Xcode 'outputs' to avoid re-running this script phase.\necho \"SUCCESS\" > \"${SCRIPT_OUTPUT_FILE_0}\"\n";
			showEnvVarsInLog = 0;
		};
		A637695CEF2ED0A7045E105D /* [CP] Embed Pods Frameworks */ = {
			isa = PBXShellScriptBuildPhase;
			buildActionMask = 2147483647;
			files = (
			);
			inputFileListPaths = (
				"${PODS_ROOT}/Target Support Files/Pods-OPLogbook/Pods-OPLogbook-frameworks-${CONFIGURATION}-input-files.xcfilelist",
			);
			name = "[CP] Embed Pods Frameworks";
			outputFileListPaths = (
				"${PODS_ROOT}/Target Support Files/Pods-OPLogbook/Pods-OPLogbook-frameworks-${CONFIGURATION}-output-files.xcfilelist",
			);
			runOnlyForDeploymentPostprocessing = 0;
			shellPath = /bin/sh;
			shellScript = "\"${PODS_ROOT}/Target Support Files/Pods-OPLogbook/Pods-OPLogbook-frameworks.sh\"\n";
			showEnvVarsInLog = 0;
		};
/* End PBXShellScriptBuildPhase section */

/* Begin PBXSourcesBuildPhase section */
		E1A95F9D288256A2009367EA /* Sources */ = {
			isa = PBXSourcesBuildPhase;
			buildActionMask = 2147483647;
			files = (
				E17000A52884C80B00E7C254 /* Collection+Extension.swift in Sources */,
				E17000902884985800E7C254 /* Typography.swift in Sources */,
				E1EAEEE428825E2A00C6425B /* CharacterListViewController.swift in Sources */,
				E1EAEEF62882656F00C6425B /* NetworkError.swift in Sources */,
				E133C80928870F9A005EC285 /* ListViewCell.swift in Sources */,
				E15CDF7628827B360099D91C /* UIImage+UnifyIcons.swift in Sources */,
				E1A95FA5288256A2009367EA /* AppDelegate.swift in Sources */,
				E1DF10FD28832DE80024D31B /* CharacterDetailImageCell.swift in Sources */,
				E1EAEF082882788800C6425B /* UIColor+Extension.swift in Sources */,
				E133C80728870F1F005EC285 /* ListView.swift in Sources */,
				E1FC27D62882B3FA00F85279 /* OPImageView+Extension.swift in Sources */,
				E15CDF7F288291010099D91C /* Double+Extension.swift in Sources */,
				E1EAEEEC2882625C00C6425B /* Character.swift in Sources */,
				E15CDF7D288289F70099D91C /* UICollectionView+Carousel.swift in Sources */,
				E19AC5C62885EB6A001C19E9 /* CharacterDetailAttributeSliderItemCell.swift in Sources */,
				E1A95FA7288256A2009367EA /* SceneDelegate.swift in Sources */,
				E1EAEF05288276C700C6425B /* UIColor+UnifyColors.swift in Sources */,
				E1FC27DB2882C26F00F85279 /* ShimmerView.swift in Sources */,
				E19AC5C22885E93F001C19E9 /* CharacterDetailAttributeSliderCell.swift in Sources */,
				E170008128845C8A00E7C254 /* CharacterDetailViewController.swift in Sources */,
				E170008A2884759900E7C254 /* CharacterDetailNameCell.swift in Sources */,
				E15CDF84288295BC0099D91C /* OPButton+Extension.swift in Sources */,
				E1EAEEF02882642800C6425B /* CharacterListViewModel.swift in Sources */,
				E1C320922884428500311F8A /* CharacterListItemCell.swift in Sources */,
				E19AC5B92885C928001C19E9 /* CharacterDetailLabelCell.swift in Sources */,
				E1EAEEF32882648600C6425B /* CharacterUseCase.swift in Sources */,
				E1FC27D42882B3C600F85279 /* OPImageView.swift in Sources */,
				E133C80428870ECD005EC285 /* UIApplication+Extension.swift in Sources */,
				E17000922884993700E7C254 /* Typography+Constant.swift in Sources */,
				E15CDF82288295880099D91C /* OPButton.swift in Sources */,
				E1FC27D82882B73C00F85279 /* UIView+Extension.swift in Sources */,
				E1EAEEF82882662900C6425B /* JSONDecoder+Extension.swift in Sources */,
				E1DF11022883391D0024D31B /* CharacterDetailComponent.swift in Sources */,
				E17000942884A02100E7C254 /* Typography+Helper.swift in Sources */,
				E170009A2884A97300E7C254 /* Typography+Size.swift in Sources */,
				E1EAEF02288275EC00C6425B /* UnifyIcon.swift in Sources */,
				E17000A22884C16700E7C254 /* CharacterDetailVStackTileCell.swift in Sources */,
				E19AC5BE2885E00F001C19E9 /* CharacterDetailAttributeTileCell.swift in Sources */,
				E1DF1100288330BA0024D31B /* FailableDecodable.swift in Sources */,
				E15CDF8628829BFD0099D91C /* UIFont+Extension.swift in Sources */,
				E1FC27E42882E92100F85279 /* CharacterDetailViewModel.swift in Sources */,
				E1A95FC228825D2E009367EA /* ViewModelType.swift in Sources */,
				E17000962884A82800E7C254 /* CharacterDetailDescriptionCell.swift in Sources */,
				E170008428845CAA00E7C254 /* CharacterDetailViewController+CollectionView.swift in Sources */,
				E15CDF882882AE650099D91C /* UIButton+BarButtonItem.swift in Sources */,
			);
			runOnlyForDeploymentPostprocessing = 0;
		};
/* End PBXSourcesBuildPhase section */

/* Begin PBXVariantGroup section */
		E1A95FAF288256A4009367EA /* LaunchScreen.storyboard */ = {
			isa = PBXVariantGroup;
			children = (
				E1A95FB0288256A4009367EA /* Base */,
			);
			name = LaunchScreen.storyboard;
			sourceTree = "<group>";
		};
/* End PBXVariantGroup section */

/* Begin XCBuildConfiguration section */
		E1A95FB3288256A4009367EA /* Debug */ = {
			isa = XCBuildConfiguration;
			buildSettings = {
				ALWAYS_SEARCH_USER_PATHS = NO;
				CLANG_ANALYZER_NONNULL = YES;
				CLANG_ANALYZER_NUMBER_OBJECT_CONVERSION = YES_AGGRESSIVE;
				CLANG_CXX_LANGUAGE_STANDARD = "gnu++17";
				CLANG_CXX_LIBRARY = "libc++";
				CLANG_ENABLE_MODULES = YES;
				CLANG_ENABLE_OBJC_ARC = YES;
				CLANG_ENABLE_OBJC_WEAK = YES;
				CLANG_WARN_BLOCK_CAPTURE_AUTORELEASING = YES;
				CLANG_WARN_BOOL_CONVERSION = YES;
				CLANG_WARN_COMMA = YES;
				CLANG_WARN_CONSTANT_CONVERSION = YES;
				CLANG_WARN_DEPRECATED_OBJC_IMPLEMENTATIONS = YES;
				CLANG_WARN_DIRECT_OBJC_ISA_USAGE = YES_ERROR;
				CLANG_WARN_DOCUMENTATION_COMMENTS = YES;
				CLANG_WARN_EMPTY_BODY = YES;
				CLANG_WARN_ENUM_CONVERSION = YES;
				CLANG_WARN_INFINITE_RECURSION = YES;
				CLANG_WARN_INT_CONVERSION = YES;
				CLANG_WARN_NON_LITERAL_NULL_CONVERSION = YES;
				CLANG_WARN_OBJC_IMPLICIT_RETAIN_SELF = YES;
				CLANG_WARN_OBJC_LITERAL_CONVERSION = YES;
				CLANG_WARN_OBJC_ROOT_CLASS = YES_ERROR;
				CLANG_WARN_QUOTED_INCLUDE_IN_FRAMEWORK_HEADER = YES;
				CLANG_WARN_RANGE_LOOP_ANALYSIS = YES;
				CLANG_WARN_STRICT_PROTOTYPES = YES;
				CLANG_WARN_SUSPICIOUS_MOVE = YES;
				CLANG_WARN_UNGUARDED_AVAILABILITY = YES_AGGRESSIVE;
				CLANG_WARN_UNREACHABLE_CODE = YES;
				CLANG_WARN__DUPLICATE_METHOD_MATCH = YES;
				COPY_PHASE_STRIP = NO;
				DEBUG_INFORMATION_FORMAT = dwarf;
				ENABLE_STRICT_OBJC_MSGSEND = YES;
				ENABLE_TESTABILITY = YES;
				GCC_C_LANGUAGE_STANDARD = gnu11;
				GCC_DYNAMIC_NO_PIC = NO;
				GCC_NO_COMMON_BLOCKS = YES;
				GCC_OPTIMIZATION_LEVEL = 0;
				GCC_PREPROCESSOR_DEFINITIONS = (
					"DEBUG=1",
					"$(inherited)",
				);
				GCC_WARN_64_TO_32_BIT_CONVERSION = YES;
				GCC_WARN_ABOUT_RETURN_TYPE = YES_ERROR;
				GCC_WARN_UNDECLARED_SELECTOR = YES;
				GCC_WARN_UNINITIALIZED_AUTOS = YES_AGGRESSIVE;
				GCC_WARN_UNUSED_FUNCTION = YES;
				GCC_WARN_UNUSED_VARIABLE = YES;
				IPHONEOS_DEPLOYMENT_TARGET = 15.2;
				MTL_ENABLE_DEBUG_INFO = INCLUDE_SOURCE;
				MTL_FAST_MATH = YES;
				ONLY_ACTIVE_ARCH = YES;
				SDKROOT = iphoneos;
				SWIFT_ACTIVE_COMPILATION_CONDITIONS = DEBUG;
				SWIFT_OPTIMIZATION_LEVEL = "-Onone";
			};
			name = Debug;
		};
		E1A95FB4288256A4009367EA /* Release */ = {
			isa = XCBuildConfiguration;
			buildSettings = {
				ALWAYS_SEARCH_USER_PATHS = NO;
				CLANG_ANALYZER_NONNULL = YES;
				CLANG_ANALYZER_NUMBER_OBJECT_CONVERSION = YES_AGGRESSIVE;
				CLANG_CXX_LANGUAGE_STANDARD = "gnu++17";
				CLANG_CXX_LIBRARY = "libc++";
				CLANG_ENABLE_MODULES = YES;
				CLANG_ENABLE_OBJC_ARC = YES;
				CLANG_ENABLE_OBJC_WEAK = YES;
				CLANG_WARN_BLOCK_CAPTURE_AUTORELEASING = YES;
				CLANG_WARN_BOOL_CONVERSION = YES;
				CLANG_WARN_COMMA = YES;
				CLANG_WARN_CONSTANT_CONVERSION = YES;
				CLANG_WARN_DEPRECATED_OBJC_IMPLEMENTATIONS = YES;
				CLANG_WARN_DIRECT_OBJC_ISA_USAGE = YES_ERROR;
				CLANG_WARN_DOCUMENTATION_COMMENTS = YES;
				CLANG_WARN_EMPTY_BODY = YES;
				CLANG_WARN_ENUM_CONVERSION = YES;
				CLANG_WARN_INFINITE_RECURSION = YES;
				CLANG_WARN_INT_CONVERSION = YES;
				CLANG_WARN_NON_LITERAL_NULL_CONVERSION = YES;
				CLANG_WARN_OBJC_IMPLICIT_RETAIN_SELF = YES;
				CLANG_WARN_OBJC_LITERAL_CONVERSION = YES;
				CLANG_WARN_OBJC_ROOT_CLASS = YES_ERROR;
				CLANG_WARN_QUOTED_INCLUDE_IN_FRAMEWORK_HEADER = YES;
				CLANG_WARN_RANGE_LOOP_ANALYSIS = YES;
				CLANG_WARN_STRICT_PROTOTYPES = YES;
				CLANG_WARN_SUSPICIOUS_MOVE = YES;
				CLANG_WARN_UNGUARDED_AVAILABILITY = YES_AGGRESSIVE;
				CLANG_WARN_UNREACHABLE_CODE = YES;
				CLANG_WARN__DUPLICATE_METHOD_MATCH = YES;
				COPY_PHASE_STRIP = NO;
				DEBUG_INFORMATION_FORMAT = "dwarf-with-dsym";
				ENABLE_NS_ASSERTIONS = NO;
				ENABLE_STRICT_OBJC_MSGSEND = YES;
				GCC_C_LANGUAGE_STANDARD = gnu11;
				GCC_NO_COMMON_BLOCKS = YES;
				GCC_WARN_64_TO_32_BIT_CONVERSION = YES;
				GCC_WARN_ABOUT_RETURN_TYPE = YES_ERROR;
				GCC_WARN_UNDECLARED_SELECTOR = YES;
				GCC_WARN_UNINITIALIZED_AUTOS = YES_AGGRESSIVE;
				GCC_WARN_UNUSED_FUNCTION = YES;
				GCC_WARN_UNUSED_VARIABLE = YES;
				IPHONEOS_DEPLOYMENT_TARGET = 15.2;
				MTL_ENABLE_DEBUG_INFO = NO;
				MTL_FAST_MATH = YES;
				SDKROOT = iphoneos;
				SWIFT_COMPILATION_MODE = wholemodule;
				SWIFT_OPTIMIZATION_LEVEL = "-O";
				VALIDATE_PRODUCT = YES;
			};
			name = Release;
		};
		E1A95FB6288256A4009367EA /* Debug */ = {
			isa = XCBuildConfiguration;
			baseConfigurationReference = 28E06E3158F40D8B33D94B06 /* Pods-OPLogbook.debug.xcconfig */;
			buildSettings = {
				ASSETCATALOG_COMPILER_APPICON_NAME = AppIcon;
				ASSETCATALOG_COMPILER_GLOBAL_ACCENT_COLOR_NAME = AccentColor;
				CODE_SIGN_STYLE = Automatic;
				CURRENT_PROJECT_VERSION = 1;
				DEVELOPMENT_TEAM = GBBFD52US3;
				GENERATE_INFOPLIST_FILE = YES;
				INFOPLIST_FILE = OPLogbook/Info.plist;
				INFOPLIST_KEY_UIApplicationSupportsIndirectInputEvents = YES;
				INFOPLIST_KEY_UILaunchStoryboardName = LaunchScreen;
				INFOPLIST_KEY_UISupportedInterfaceOrientations = UIInterfaceOrientationPortrait;
				INFOPLIST_KEY_UISupportedInterfaceOrientations_iPad = "UIInterfaceOrientationPortrait UIInterfaceOrientationPortraitUpsideDown UIInterfaceOrientationLandscapeLeft UIInterfaceOrientationLandscapeRight";
				INFOPLIST_KEY_UISupportedInterfaceOrientations_iPhone = "UIInterfaceOrientationPortrait UIInterfaceOrientationLandscapeLeft UIInterfaceOrientationLandscapeRight";
				INFOPLIST_KEY_UIUserInterfaceStyle = Dark;
				IPHONEOS_DEPLOYMENT_TARGET = 13.0;
				LD_RUNPATH_SEARCH_PATHS = (
					"$(inherited)",
					"@executable_path/Frameworks",
				);
				MARKETING_VERSION = 1.0;
				PRODUCT_BUNDLE_IDENTIFIER = com.blackcurrant.OPLogbook;
				PRODUCT_NAME = "$(TARGET_NAME)";
				SWIFT_EMIT_LOC_STRINGS = YES;
				SWIFT_VERSION = 5.0;
				TARGETED_DEVICE_FAMILY = "1,2";
			};
			name = Debug;
		};
		E1A95FB7288256A4009367EA /* Release */ = {
			isa = XCBuildConfiguration;
			baseConfigurationReference = 86FC4CAE9171AECD776A55C0 /* Pods-OPLogbook.release.xcconfig */;
			buildSettings = {
				ASSETCATALOG_COMPILER_APPICON_NAME = AppIcon;
				ASSETCATALOG_COMPILER_GLOBAL_ACCENT_COLOR_NAME = AccentColor;
				CODE_SIGN_STYLE = Automatic;
				CURRENT_PROJECT_VERSION = 1;
				DEVELOPMENT_TEAM = GBBFD52US3;
				GENERATE_INFOPLIST_FILE = YES;
				INFOPLIST_FILE = OPLogbook/Info.plist;
				INFOPLIST_KEY_UIApplicationSupportsIndirectInputEvents = YES;
				INFOPLIST_KEY_UILaunchStoryboardName = LaunchScreen;
				INFOPLIST_KEY_UISupportedInterfaceOrientations = UIInterfaceOrientationPortrait;
				INFOPLIST_KEY_UISupportedInterfaceOrientations_iPad = "UIInterfaceOrientationPortrait UIInterfaceOrientationPortraitUpsideDown UIInterfaceOrientationLandscapeLeft UIInterfaceOrientationLandscapeRight";
				INFOPLIST_KEY_UISupportedInterfaceOrientations_iPhone = "UIInterfaceOrientationPortrait UIInterfaceOrientationLandscapeLeft UIInterfaceOrientationLandscapeRight";
				INFOPLIST_KEY_UIUserInterfaceStyle = Dark;
				IPHONEOS_DEPLOYMENT_TARGET = 13.0;
				LD_RUNPATH_SEARCH_PATHS = (
					"$(inherited)",
					"@executable_path/Frameworks",
				);
				MARKETING_VERSION = 1.0;
				PRODUCT_BUNDLE_IDENTIFIER = com.blackcurrant.OPLogbook;
				PRODUCT_NAME = "$(TARGET_NAME)";
				SWIFT_EMIT_LOC_STRINGS = YES;
				SWIFT_VERSION = 5.0;
				TARGETED_DEVICE_FAMILY = "1,2";
			};
			name = Release;
		};
/* End XCBuildConfiguration section */

/* Begin XCConfigurationList section */
		E1A95F9C288256A2009367EA /* Build configuration list for PBXProject "OPLogbook" */ = {
			isa = XCConfigurationList;
			buildConfigurations = (
				E1A95FB3288256A4009367EA /* Debug */,
				E1A95FB4288256A4009367EA /* Release */,
			);
			defaultConfigurationIsVisible = 0;
			defaultConfigurationName = Release;
		};
		E1A95FB5288256A4009367EA /* Build configuration list for PBXNativeTarget "OPLogbook" */ = {
			isa = XCConfigurationList;
			buildConfigurations = (
				E1A95FB6288256A4009367EA /* Debug */,
				E1A95FB7288256A4009367EA /* Release */,
			);
			defaultConfigurationIsVisible = 0;
			defaultConfigurationName = Release;
		};
/* End XCConfigurationList section */
	};
	rootObject = E1A95F99288256A2009367EA /* Project object */;
}
